// !$*UTF8*$!
{
	archiveVersion = 1;
	classes = {
	};
	objectVersion = 55;
	objects = {

/* Begin PBXBuildFile section */
		6E3FD5C1286BAB53009FBF4F /* ListVideos.swift in Sources */ = {isa = PBXBuildFile; fileRef = 6E3FD5C0286BAB53009FBF4F /* ListVideos.swift */; };
		6E3FD5C5286BABDB009FBF4F /* RecipesView.swift in Sources */ = {isa = PBXBuildFile; fileRef = 6E3FD5C4286BABDB009FBF4F /* RecipesView.swift */; };
		6E3FD5C7286BABF6009FBF4F /* SearchBasedOnIngredientsView.swift in Sources */ = {isa = PBXBuildFile; fileRef = 6E3FD5C6286BABF6009FBF4F /* SearchBasedOnIngredientsView.swift */; };
		6E3FD5C9286BAC12009FBF4F /* VideoList.swift in Sources */ = {isa = PBXBuildFile; fileRef = 6E3FD5C8286BAC12009FBF4F /* VideoList.swift */; };
		6E3FD5CB286BAC54009FBF4F /* VideoDetailView.swift in Sources */ = {isa = PBXBuildFile; fileRef = 6E3FD5CA286BAC54009FBF4F /* VideoDetailView.swift */; };
		6E3FD5CF286BAC7D009FBF4F /* SearchView.swift in Sources */ = {isa = PBXBuildFile; fileRef = 6E3FD5CE286BAC7D009FBF4F /* SearchView.swift */; };
		6E3FD5D1286BACE9009FBF4F /* WebView.swift in Sources */ = {isa = PBXBuildFile; fileRef = 6E3FD5D0286BACE9009FBF4F /* WebView.swift */; };
		6EDD5E7D2854082C001E4B58 /* RecipesView.swift in Sources */ = {isa = PBXBuildFile; fileRef = 6EDD5E7C2854082C001E4B58 /* RecipesView.swift */; };
		6EDD5E7F2854101E001E4B58 /* AlertsView.swift in Sources */ = {isa = PBXBuildFile; fileRef = 6EDD5E7E2854101E001E4B58 /* AlertsView.swift */; };
		6EDD5E8128541031001E4B58 /* DonationView.swift in Sources */ = {isa = PBXBuildFile; fileRef = 6EDD5E8028541031001E4B58 /* DonationView.swift */; };
		6EDD5E83285410F1001E4B58 /* InventoryView.swift in Sources */ = {isa = PBXBuildFile; fileRef = 6EDD5E82285410F1001E4B58 /* InventoryView.swift */; };
		7A0888BE28697C3100C14C54 /* SelectionPageView.swift in Sources */ = {isa = PBXBuildFile; fileRef = 7A0888BD28697C2F00C14C54 /* SelectionPageView.swift */; };
		7A0888C0286999A700C14C54 /* Modifer.swift in Sources */ = {isa = PBXBuildFile; fileRef = 7A0888BF286999A600C14C54 /* Modifer.swift */; };
		7A0888CA2869E22D00C14C54 /* GoogleModel.swift in Sources */ = {isa = PBXBuildFile; fileRef = 7A0888C92869E22C00C14C54 /* GoogleModel.swift */; };
		7A0888CC2869E36E00C14C54 /* GoogleData.swift in Sources */ = {isa = PBXBuildFile; fileRef = 7A0888CB2869E36E00C14C54 /* GoogleData.swift */; };
		7A0888CE2869E49200C14C54 /* GoogleManager.swift in Sources */ = {isa = PBXBuildFile; fileRef = 7A0888CD2869E49200C14C54 /* GoogleManager.swift */; };
		7A0888D0286A29CB00C14C54 /* GoogleView.swift in Sources */ = {isa = PBXBuildFile; fileRef = 7A0888CF286A29CA00C14C54 /* GoogleView.swift */; };
		7A0888D8286A723200C14C54 /* FirebaseData.swift in Sources */ = {isa = PBXBuildFile; fileRef = 7A0888D7286A723200C14C54 /* FirebaseData.swift */; };
		7A0888DA286A782900C14C54 /* FirebaseViewModel.swift in Sources */ = {isa = PBXBuildFile; fileRef = 7A0888D9286A782900C14C54 /* FirebaseViewModel.swift */; };
		7A0ADFC228511E0300D23FC4 /* FoodSaviorAppApp.swift in Sources */ = {isa = PBXBuildFile; fileRef = 7A0ADFC128511E0300D23FC4 /* FoodSaviorAppApp.swift */; };
		7A0ADFC428511E0300D23FC4 /* ContentView.swift in Sources */ = {isa = PBXBuildFile; fileRef = 7A0ADFC328511E0300D23FC4 /* ContentView.swift */; };
		7A0ADFC628511E0600D23FC4 /* Assets.xcassets in Resources */ = {isa = PBXBuildFile; fileRef = 7A0ADFC528511E0600D23FC4 /* Assets.xcassets */; };
		7A0ADFC928511E0600D23FC4 /* Preview Assets.xcassets in Resources */ = {isa = PBXBuildFile; fileRef = 7A0ADFC828511E0600D23FC4 /* Preview Assets.xcassets */; };
		7A0ADFD328511E0600D23FC4 /* FoodSaviorAppTests.swift in Sources */ = {isa = PBXBuildFile; fileRef = 7A0ADFD228511E0600D23FC4 /* FoodSaviorAppTests.swift */; };
		7A0ADFDD28511E0600D23FC4 /* FoodSaviorAppUITests.swift in Sources */ = {isa = PBXBuildFile; fileRef = 7A0ADFDC28511E0600D23FC4 /* FoodSaviorAppUITests.swift */; };
		7A0ADFDF28511E0600D23FC4 /* FoodSaviorAppUITestsLaunchTests.swift in Sources */ = {isa = PBXBuildFile; fileRef = 7A0ADFDE28511E0600D23FC4 /* FoodSaviorAppUITestsLaunchTests.swift */; };
		7A26F31B28584238001EED41 /* DonationInventoryView.swift in Sources */ = {isa = PBXBuildFile; fileRef = 7A26F31A28584238001EED41 /* DonationInventoryView.swift */; };
		7A834BBC28619AD20057F9AD /* APIDataDisplayView.swift in Sources */ = {isa = PBXBuildFile; fileRef = 7A834BBB28619AD10057F9AD /* APIDataDisplayView.swift */; };
		7AA3988C2858633700910E70 /* .gitattributes in Resources */ = {isa = PBXBuildFile; fileRef = 7AA3988B2858633700910E70 /* .gitattributes */; };
		7AA398922858641800910E70 /* .gitignore in Resources */ = {isa = PBXBuildFile; fileRef = 7AA398912858641800910E70 /* .gitignore */; };
		7AB59C0A285519EE00B35A31 /* Inventory_Space1.swift in Sources */ = {isa = PBXBuildFile; fileRef = 7AB59C09285519EE00B35A31 /* Inventory_Space1.swift */; };
		7AB59C0C28551AD200B35A31 /* Inventory_Space2.swift in Sources */ = {isa = PBXBuildFile; fileRef = 7AB59C0B28551AD200B35A31 /* Inventory_Space2.swift */; };
		7AB59C0E28551AE400B35A31 /* Inventory_Space3.swift in Sources */ = {isa = PBXBuildFile; fileRef = 7AB59C0D28551AE400B35A31 /* Inventory_Space3.swift */; };
		7AB59C1028551AF300B35A31 /* Inventory_Space4.swift in Sources */ = {isa = PBXBuildFile; fileRef = 7AB59C0F28551AF300B35A31 /* Inventory_Space4.swift */; };
		7AB59C1228551B0100B35A31 /* Inventory_Space5.swift in Sources */ = {isa = PBXBuildFile; fileRef = 7AB59C1128551B0100B35A31 /* Inventory_Space5.swift */; };
		7AB59C1428552D3100B35A31 /* GoogleService-Info.plist in Resources */ = {isa = PBXBuildFile; fileRef = 7AB59C1328552D3100B35A31 /* GoogleService-Info.plist */; };
		7AB59C1728552E4C00B35A31 /* FirebaseAnalytics in Frameworks */ = {isa = PBXBuildFile; productRef = 7AB59C1628552E4C00B35A31 /* FirebaseAnalytics */; };
		7AB59C1928552E4C00B35A31 /* FirebaseAnalyticsOnDeviceConversion in Frameworks */ = {isa = PBXBuildFile; productRef = 7AB59C1828552E4C00B35A31 /* FirebaseAnalyticsOnDeviceConversion */; };
		7AB59C1B28552E4C00B35A31 /* FirebaseAnalyticsSwift in Frameworks */ = {isa = PBXBuildFile; productRef = 7AB59C1A28552E4C00B35A31 /* FirebaseAnalyticsSwift */; };
		7AB59C1D28552E4C00B35A31 /* FirebaseAnalyticsWithoutAdIdSupport in Frameworks */ = {isa = PBXBuildFile; productRef = 7AB59C1C28552E4C00B35A31 /* FirebaseAnalyticsWithoutAdIdSupport */; };
		7AB59C1F28552E4C00B35A31 /* FirebaseAppCheck in Frameworks */ = {isa = PBXBuildFile; productRef = 7AB59C1E28552E4C00B35A31 /* FirebaseAppCheck */; };
		7AB59C2128552E4C00B35A31 /* FirebaseAppDistribution-Beta in Frameworks */ = {isa = PBXBuildFile; productRef = 7AB59C2028552E4C00B35A31 /* FirebaseAppDistribution-Beta */; };
		7AB59C2328552E4C00B35A31 /* FirebaseAuth in Frameworks */ = {isa = PBXBuildFile; productRef = 7AB59C2228552E4C00B35A31 /* FirebaseAuth */; };
		7AB59C2528552E4C00B35A31 /* FirebaseAuthCombine-Community in Frameworks */ = {isa = PBXBuildFile; productRef = 7AB59C2428552E4C00B35A31 /* FirebaseAuthCombine-Community */; };
		7AB59C2728552E4C00B35A31 /* FirebaseCrashlytics in Frameworks */ = {isa = PBXBuildFile; productRef = 7AB59C2628552E4C00B35A31 /* FirebaseCrashlytics */; };
		7AB59C2928552E4C00B35A31 /* FirebaseDatabase in Frameworks */ = {isa = PBXBuildFile; productRef = 7AB59C2828552E4C00B35A31 /* FirebaseDatabase */; };
		7AB59C2B28552E4C00B35A31 /* FirebaseDatabaseSwift in Frameworks */ = {isa = PBXBuildFile; productRef = 7AB59C2A28552E4C00B35A31 /* FirebaseDatabaseSwift */; };
		7AB59C2D28552E4C00B35A31 /* FirebaseDynamicLinks in Frameworks */ = {isa = PBXBuildFile; productRef = 7AB59C2C28552E4C00B35A31 /* FirebaseDynamicLinks */; };
		7AB59C2F28552E4C00B35A31 /* FirebaseFirestore in Frameworks */ = {isa = PBXBuildFile; productRef = 7AB59C2E28552E4C00B35A31 /* FirebaseFirestore */; };
		7AB59C3128552E4C00B35A31 /* FirebaseFirestoreCombine-Community in Frameworks */ = {isa = PBXBuildFile; productRef = 7AB59C3028552E4C00B35A31 /* FirebaseFirestoreCombine-Community */; };
		7AB59C3328552E4C00B35A31 /* FirebaseFirestoreSwift in Frameworks */ = {isa = PBXBuildFile; productRef = 7AB59C3228552E4C00B35A31 /* FirebaseFirestoreSwift */; };
		7AB59C3528552E4C00B35A31 /* FirebaseFunctions in Frameworks */ = {isa = PBXBuildFile; productRef = 7AB59C3428552E4C00B35A31 /* FirebaseFunctions */; };
		7AB59C3728552E4C00B35A31 /* FirebaseFunctionsCombine-Community in Frameworks */ = {isa = PBXBuildFile; productRef = 7AB59C3628552E4C00B35A31 /* FirebaseFunctionsCombine-Community */; };
		7AB59C3928552E4C00B35A31 /* FirebaseInAppMessaging-Beta in Frameworks */ = {isa = PBXBuildFile; productRef = 7AB59C3828552E4C00B35A31 /* FirebaseInAppMessaging-Beta */; };
		7AB59C3B28552E4C00B35A31 /* FirebaseInAppMessagingSwift-Beta in Frameworks */ = {isa = PBXBuildFile; productRef = 7AB59C3A28552E4C00B35A31 /* FirebaseInAppMessagingSwift-Beta */; };
		7AB59C3D28552E4C00B35A31 /* FirebaseInstallations in Frameworks */ = {isa = PBXBuildFile; productRef = 7AB59C3C28552E4C00B35A31 /* FirebaseInstallations */; };
		7AB59C3F28552E4C00B35A31 /* FirebaseMLModelDownloader in Frameworks */ = {isa = PBXBuildFile; productRef = 7AB59C3E28552E4C00B35A31 /* FirebaseMLModelDownloader */; };
		7AB59C4128552E4C00B35A31 /* FirebaseMessaging in Frameworks */ = {isa = PBXBuildFile; productRef = 7AB59C4028552E4C00B35A31 /* FirebaseMessaging */; };
		7AB59C4328552E4C00B35A31 /* FirebasePerformance in Frameworks */ = {isa = PBXBuildFile; productRef = 7AB59C4228552E4C00B35A31 /* FirebasePerformance */; };
		7AB59C4528552E4C00B35A31 /* FirebaseRemoteConfig in Frameworks */ = {isa = PBXBuildFile; productRef = 7AB59C4428552E4C00B35A31 /* FirebaseRemoteConfig */; };
		7AB59C4728552E4C00B35A31 /* FirebaseRemoteConfigSwift in Frameworks */ = {isa = PBXBuildFile; productRef = 7AB59C4628552E4C00B35A31 /* FirebaseRemoteConfigSwift */; };
		7AB59C4928552E4C00B35A31 /* FirebaseStorage in Frameworks */ = {isa = PBXBuildFile; productRef = 7AB59C4828552E4C00B35A31 /* FirebaseStorage */; };
		7AB59C4B28552E4C00B35A31 /* FirebaseStorageCombine-Community in Frameworks */ = {isa = PBXBuildFile; productRef = 7AB59C4A28552E4C00B35A31 /* FirebaseStorageCombine-Community */; };
		7AB59C4E28554B6000B35A31 /* Inventories.swift in Sources */ = {isa = PBXBuildFile; fileRef = 7AB59C4D28554B6000B35A31 /* Inventories.swift */; };
/* End PBXBuildFile section */

/* Begin PBXContainerItemProxy section */
		7A0ADFCF28511E0600D23FC4 /* PBXContainerItemProxy */ = {
			isa = PBXContainerItemProxy;
			containerPortal = 7A0ADFB628511E0300D23FC4 /* Project object */;
			proxyType = 1;
			remoteGlobalIDString = 7A0ADFBD28511E0300D23FC4;
			remoteInfo = FoodSaviorApp;
		};
		7A0ADFD928511E0600D23FC4 /* PBXContainerItemProxy */ = {
			isa = PBXContainerItemProxy;
			containerPortal = 7A0ADFB628511E0300D23FC4 /* Project object */;
			proxyType = 1;
			remoteGlobalIDString = 7A0ADFBD28511E0300D23FC4;
			remoteInfo = FoodSaviorApp;
		};
/* End PBXContainerItemProxy section */

/* Begin PBXFileReference section */
		6E3FD5C0286BAB53009FBF4F /* ListVideos.swift */ = {isa = PBXFileReference; lastKnownFileType = sourcecode.swift; path = ListVideos.swift; sourceTree = "<group>"; };
		6E3FD5C4286BABDB009FBF4F /* RecipesView.swift */ = {isa = PBXFileReference; lastKnownFileType = sourcecode.swift; path = RecipesView.swift; sourceTree = "<group>"; };
		6E3FD5C6286BABF6009FBF4F /* SearchBasedOnIngredientsView.swift */ = {isa = PBXFileReference; lastKnownFileType = sourcecode.swift; path = SearchBasedOnIngredientsView.swift; sourceTree = "<group>"; };
		6E3FD5C8286BAC12009FBF4F /* VideoList.swift */ = {isa = PBXFileReference; lastKnownFileType = sourcecode.swift; path = VideoList.swift; sourceTree = "<group>"; };
		6E3FD5CA286BAC54009FBF4F /* VideoDetailView.swift */ = {isa = PBXFileReference; lastKnownFileType = sourcecode.swift; path = VideoDetailView.swift; sourceTree = "<group>"; };
		6E3FD5CE286BAC7D009FBF4F /* SearchView.swift */ = {isa = PBXFileReference; lastKnownFileType = sourcecode.swift; path = SearchView.swift; sourceTree = "<group>"; };
		6E3FD5D0286BACE9009FBF4F /* WebView.swift */ = {isa = PBXFileReference; lastKnownFileType = sourcecode.swift; path = WebView.swift; sourceTree = "<group>"; };
		6EDD5E7C2854082C001E4B58 /* RecipesView.swift */ = {isa = PBXFileReference; lastKnownFileType = sourcecode.swift; path = RecipesView.swift; sourceTree = "<group>"; };
		6EDD5E7E2854101E001E4B58 /* AlertsView.swift */ = {isa = PBXFileReference; lastKnownFileType = sourcecode.swift; path = AlertsView.swift; sourceTree = "<group>"; };
		6EDD5E8028541031001E4B58 /* DonationView.swift */ = {isa = PBXFileReference; lastKnownFileType = sourcecode.swift; path = DonationView.swift; sourceTree = "<group>"; };
		6EDD5E82285410F1001E4B58 /* InventoryView.swift */ = {isa = PBXFileReference; lastKnownFileType = sourcecode.swift; path = InventoryView.swift; sourceTree = "<group>"; };
		7A0888BD28697C2F00C14C54 /* SelectionPageView.swift */ = {isa = PBXFileReference; lastKnownFileType = sourcecode.swift; path = SelectionPageView.swift; sourceTree = "<group>"; };
		7A0888BF286999A600C14C54 /* Modifer.swift */ = {isa = PBXFileReference; lastKnownFileType = sourcecode.swift; path = Modifer.swift; sourceTree = "<group>"; };
		7A0888C92869E22C00C14C54 /* GoogleModel.swift */ = {isa = PBXFileReference; lastKnownFileType = sourcecode.swift; path = GoogleModel.swift; sourceTree = "<group>"; };
		7A0888CB2869E36E00C14C54 /* GoogleData.swift */ = {isa = PBXFileReference; lastKnownFileType = sourcecode.swift; path = GoogleData.swift; sourceTree = "<group>"; };
		7A0888CD2869E49200C14C54 /* GoogleManager.swift */ = {isa = PBXFileReference; lastKnownFileType = sourcecode.swift; path = GoogleManager.swift; sourceTree = "<group>"; };
		7A0888CF286A29CA00C14C54 /* GoogleView.swift */ = {isa = PBXFileReference; lastKnownFileType = sourcecode.swift; path = GoogleView.swift; sourceTree = "<group>"; };
		7A0888D7286A723200C14C54 /* FirebaseData.swift */ = {isa = PBXFileReference; lastKnownFileType = sourcecode.swift; path = FirebaseData.swift; sourceTree = "<group>"; };
		7A0888D9286A782900C14C54 /* FirebaseViewModel.swift */ = {isa = PBXFileReference; lastKnownFileType = sourcecode.swift; path = FirebaseViewModel.swift; sourceTree = "<group>"; };
		7A0ADFBE28511E0300D23FC4 /* FoodSaviorApp.app */ = {isa = PBXFileReference; explicitFileType = wrapper.application; includeInIndex = 0; path = FoodSaviorApp.app; sourceTree = BUILT_PRODUCTS_DIR; };
		7A0ADFC128511E0300D23FC4 /* FoodSaviorAppApp.swift */ = {isa = PBXFileReference; lastKnownFileType = sourcecode.swift; path = FoodSaviorAppApp.swift; sourceTree = "<group>"; };
		7A0ADFC328511E0300D23FC4 /* ContentView.swift */ = {isa = PBXFileReference; lastKnownFileType = sourcecode.swift; path = ContentView.swift; sourceTree = "<group>"; };
		7A0ADFC528511E0600D23FC4 /* Assets.xcassets */ = {isa = PBXFileReference; lastKnownFileType = folder.assetcatalog; path = Assets.xcassets; sourceTree = "<group>"; };
		7A0ADFC828511E0600D23FC4 /* Preview Assets.xcassets */ = {isa = PBXFileReference; lastKnownFileType = folder.assetcatalog; path = "Preview Assets.xcassets"; sourceTree = "<group>"; };
		7A0ADFCE28511E0600D23FC4 /* FoodSaviorAppTests.xctest */ = {isa = PBXFileReference; explicitFileType = wrapper.cfbundle; includeInIndex = 0; path = FoodSaviorAppTests.xctest; sourceTree = BUILT_PRODUCTS_DIR; };
		7A0ADFD228511E0600D23FC4 /* FoodSaviorAppTests.swift */ = {isa = PBXFileReference; lastKnownFileType = sourcecode.swift; path = FoodSaviorAppTests.swift; sourceTree = "<group>"; };
		7A0ADFD828511E0600D23FC4 /* FoodSaviorAppUITests.xctest */ = {isa = PBXFileReference; explicitFileType = wrapper.cfbundle; includeInIndex = 0; path = FoodSaviorAppUITests.xctest; sourceTree = BUILT_PRODUCTS_DIR; };
		7A0ADFDC28511E0600D23FC4 /* FoodSaviorAppUITests.swift */ = {isa = PBXFileReference; lastKnownFileType = sourcecode.swift; path = FoodSaviorAppUITests.swift; sourceTree = "<group>"; };
		7A0ADFDE28511E0600D23FC4 /* FoodSaviorAppUITestsLaunchTests.swift */ = {isa = PBXFileReference; lastKnownFileType = sourcecode.swift; path = FoodSaviorAppUITestsLaunchTests.swift; sourceTree = "<group>"; };
		7A26F31A28584238001EED41 /* DonationInventoryView.swift */ = {isa = PBXFileReference; lastKnownFileType = sourcecode.swift; path = DonationInventoryView.swift; sourceTree = "<group>"; };
		7A834BBB28619AD10057F9AD /* APIDataDisplayView.swift */ = {isa = PBXFileReference; lastKnownFileType = sourcecode.swift; path = APIDataDisplayView.swift; sourceTree = "<group>"; };
		7AA3988B2858633700910E70 /* .gitattributes */ = {isa = PBXFileReference; lastKnownFileType = text; path = .gitattributes; sourceTree = "<group>"; };
		7AA398912858641800910E70 /* .gitignore */ = {isa = PBXFileReference; lastKnownFileType = text; path = .gitignore; sourceTree = "<group>"; };
		7AB59C09285519EE00B35A31 /* Inventory_Space1.swift */ = {isa = PBXFileReference; lastKnownFileType = sourcecode.swift; path = Inventory_Space1.swift; sourceTree = "<group>"; };
		7AB59C0B28551AD200B35A31 /* Inventory_Space2.swift */ = {isa = PBXFileReference; lastKnownFileType = sourcecode.swift; path = Inventory_Space2.swift; sourceTree = "<group>"; };
		7AB59C0D28551AE400B35A31 /* Inventory_Space3.swift */ = {isa = PBXFileReference; lastKnownFileType = sourcecode.swift; path = Inventory_Space3.swift; sourceTree = "<group>"; };
		7AB59C0F28551AF300B35A31 /* Inventory_Space4.swift */ = {isa = PBXFileReference; lastKnownFileType = sourcecode.swift; path = Inventory_Space4.swift; sourceTree = "<group>"; };
		7AB59C1128551B0100B35A31 /* Inventory_Space5.swift */ = {isa = PBXFileReference; lastKnownFileType = sourcecode.swift; path = Inventory_Space5.swift; sourceTree = "<group>"; };
		7AB59C1328552D3100B35A31 /* GoogleService-Info.plist */ = {isa = PBXFileReference; fileEncoding = 4; lastKnownFileType = text.plist.xml; path = "GoogleService-Info.plist"; sourceTree = "<group>"; };
		7AB59C4C28553F8C00B35A31 /* Info.plist */ = {isa = PBXFileReference; lastKnownFileType = text.plist; path = Info.plist; sourceTree = "<group>"; };
		7AB59C4D28554B6000B35A31 /* Inventories.swift */ = {isa = PBXFileReference; lastKnownFileType = sourcecode.swift; path = Inventories.swift; sourceTree = "<group>"; };
/* End PBXFileReference section */

/* Begin PBXFrameworksBuildPhase section */
		7A0ADFBB28511E0300D23FC4 /* Frameworks */ = {
			isa = PBXFrameworksBuildPhase;
			buildActionMask = 2147483647;
			files = (
				7AB59C2928552E4C00B35A31 /* FirebaseDatabase in Frameworks */,
				7AB59C3728552E4C00B35A31 /* FirebaseFunctionsCombine-Community in Frameworks */,
				7AB59C2F28552E4C00B35A31 /* FirebaseFirestore in Frameworks */,
				7AB59C1B28552E4C00B35A31 /* FirebaseAnalyticsSwift in Frameworks */,
				7AB59C1728552E4C00B35A31 /* FirebaseAnalytics in Frameworks */,
				7AB59C1928552E4C00B35A31 /* FirebaseAnalyticsOnDeviceConversion in Frameworks */,
				7AB59C3F28552E4C00B35A31 /* FirebaseMLModelDownloader in Frameworks */,
				7AB59C3328552E4C00B35A31 /* FirebaseFirestoreSwift in Frameworks */,
				7AB59C1F28552E4C00B35A31 /* FirebaseAppCheck in Frameworks */,
				7AB59C1D28552E4C00B35A31 /* FirebaseAnalyticsWithoutAdIdSupport in Frameworks */,
				7AB59C2328552E4C00B35A31 /* FirebaseAuth in Frameworks */,
				7AB59C2728552E4C00B35A31 /* FirebaseCrashlytics in Frameworks */,
				7AB59C4728552E4C00B35A31 /* FirebaseRemoteConfigSwift in Frameworks */,
				7AB59C3928552E4C00B35A31 /* FirebaseInAppMessaging-Beta in Frameworks */,
				7AB59C2B28552E4C00B35A31 /* FirebaseDatabaseSwift in Frameworks */,
				7AB59C3528552E4C00B35A31 /* FirebaseFunctions in Frameworks */,
				7AB59C4B28552E4C00B35A31 /* FirebaseStorageCombine-Community in Frameworks */,
				7AB59C4528552E4C00B35A31 /* FirebaseRemoteConfig in Frameworks */,
				7AB59C2128552E4C00B35A31 /* FirebaseAppDistribution-Beta in Frameworks */,
				7AB59C2528552E4C00B35A31 /* FirebaseAuthCombine-Community in Frameworks */,
				7AB59C4328552E4C00B35A31 /* FirebasePerformance in Frameworks */,
				7AB59C3B28552E4C00B35A31 /* FirebaseInAppMessagingSwift-Beta in Frameworks */,
				7AB59C4928552E4C00B35A31 /* FirebaseStorage in Frameworks */,
				7AB59C2D28552E4C00B35A31 /* FirebaseDynamicLinks in Frameworks */,
				7AB59C3128552E4C00B35A31 /* FirebaseFirestoreCombine-Community in Frameworks */,
				7AB59C4128552E4C00B35A31 /* FirebaseMessaging in Frameworks */,
				7AB59C3D28552E4C00B35A31 /* FirebaseInstallations in Frameworks */,
			);
			runOnlyForDeploymentPostprocessing = 0;
		};
		7A0ADFCB28511E0600D23FC4 /* Frameworks */ = {
			isa = PBXFrameworksBuildPhase;
			buildActionMask = 2147483647;
			files = (
			);
			runOnlyForDeploymentPostprocessing = 0;
		};
		7A0ADFD528511E0600D23FC4 /* Frameworks */ = {
			isa = PBXFrameworksBuildPhase;
			buildActionMask = 2147483647;
			files = (
			);
			runOnlyForDeploymentPostprocessing = 0;
		};
/* End PBXFrameworksBuildPhase section */

/* Begin PBXGroup section */
		6E3FD5BF286BAB38009FBF4F /* Recipes */ = {
			isa = PBXGroup;
			children = (
				6E3FD5C0286BAB53009FBF4F /* ListVideos.swift */,
				6E3FD5CA286BAC54009FBF4F /* VideoDetailView.swift */,
				6E3FD5CE286BAC7D009FBF4F /* SearchView.swift */,
				6E3FD5C4286BABDB009FBF4F /* RecipesView.swift */,
				6E3FD5C6286BABF6009FBF4F /* SearchBasedOnIngredientsView.swift */,
				6E3FD5C8286BAC12009FBF4F /* VideoList.swift */,
				6E3FD5D0286BACE9009FBF4F /* WebView.swift */,
			);
			path = Recipes;
			sourceTree = "<group>";
		};
		7A0888D1286A700C00C14C54 /* Donation */ = {
			isa = PBXGroup;
			children = (
				7A0888D6286A70D700C14C54 /* Manager */,
				7A0888D5286A70BD00C14C54 /* Modifiers */,
				7A0888D4286A70A400C14C54 /* ViewModels */,
				7A0888D3286A707900C14C54 /* Models */,
				7A0888D2286A705C00C14C54 /* Views */,
			);
			path = Donation;
			sourceTree = "<group>";
		};
		7A0888D2286A705C00C14C54 /* Views */ = {
			isa = PBXGroup;
			children = (
				7A26F31A28584238001EED41 /* DonationInventoryView.swift */,
				7A0888BD28697C2F00C14C54 /* SelectionPageView.swift */,
				6EDD5E8028541031001E4B58 /* DonationView.swift */,
				7A834BBB28619AD10057F9AD /* APIDataDisplayView.swift */,
				7A0888CF286A29CA00C14C54 /* GoogleView.swift */,
			);
			path = Views;
			sourceTree = "<group>";
		};
		7A0888D3286A707900C14C54 /* Models */ = {
			isa = PBXGroup;
			children = (
				7A0888CB2869E36E00C14C54 /* GoogleData.swift */,
				7A0888D7286A723200C14C54 /* FirebaseData.swift */,
			);
			path = Models;
			sourceTree = "<group>";
		};
		7A0888D4286A70A400C14C54 /* ViewModels */ = {
			isa = PBXGroup;
			children = (
				7A0888C92869E22C00C14C54 /* GoogleModel.swift */,
				7A0888D9286A782900C14C54 /* FirebaseViewModel.swift */,
			);
			path = ViewModels;
			sourceTree = "<group>";
		};
		7A0888D5286A70BD00C14C54 /* Modifiers */ = {
			isa = PBXGroup;
			children = (
				7A0888BF286999A600C14C54 /* Modifer.swift */,
			);
			path = Modifiers;
			sourceTree = "<group>";
		};
		7A0888D6286A70D700C14C54 /* Manager */ = {
			isa = PBXGroup;
			children = (
				7A0888CD2869E49200C14C54 /* GoogleManager.swift */,
			);
			path = Manager;
			sourceTree = "<group>";
		};
		7A0ADFB528511E0300D23FC4 = {
			isa = PBXGroup;
			children = (
				7AA398912858641800910E70 /* .gitignore */,
				7AA3988B2858633700910E70 /* .gitattributes */,
				7A0ADFC028511E0300D23FC4 /* FoodSaviorApp */,
				7A0ADFD128511E0600D23FC4 /* FoodSaviorAppTests */,
				7A0ADFDB28511E0600D23FC4 /* FoodSaviorAppUITests */,
				7A0ADFBF28511E0300D23FC4 /* Products */,
			);
			sourceTree = "<group>";
		};
		7A0ADFBF28511E0300D23FC4 /* Products */ = {
			isa = PBXGroup;
			children = (
				7A0ADFBE28511E0300D23FC4 /* FoodSaviorApp.app */,
				7A0ADFCE28511E0600D23FC4 /* FoodSaviorAppTests.xctest */,
				7A0ADFD828511E0600D23FC4 /* FoodSaviorAppUITests.xctest */,
			);
			name = Products;
			sourceTree = "<group>";
		};
		7A0ADFC028511E0300D23FC4 /* FoodSaviorApp */ = {
			isa = PBXGroup;
			children = (
				6E3FD5BF286BAB38009FBF4F /* Recipes */,
				7A0ADFC128511E0300D23FC4 /* FoodSaviorAppApp.swift */,
				7AB59C4C28553F8C00B35A31 /* Info.plist */,
				7AB59C1328552D3100B35A31 /* GoogleService-Info.plist */,
				7AFC20CF286AD1A300522816 /* Inventory */,
				7A0888D1286A700C00C14C54 /* Donation */,
				6EDD5E7E2854101E001E4B58 /* AlertsView.swift */,
				6EDD5E7C2854082C001E4B58 /* RecipesView.swift */,
				7A0ADFC328511E0300D23FC4 /* ContentView.swift */,
				7A0ADFC528511E0600D23FC4 /* Assets.xcassets */,
				7A0ADFC728511E0600D23FC4 /* Preview Content */,
			);
			path = FoodSaviorApp;
			sourceTree = "<group>";
		};
		7A0ADFC728511E0600D23FC4 /* Preview Content */ = {
			isa = PBXGroup;
			children = (
				7A0ADFC828511E0600D23FC4 /* Preview Assets.xcassets */,
			);
			path = "Preview Content";
			sourceTree = "<group>";
		};
		7A0ADFD128511E0600D23FC4 /* FoodSaviorAppTests */ = {
			isa = PBXGroup;
			children = (
				7A0ADFD228511E0600D23FC4 /* FoodSaviorAppTests.swift */,
			);
			path = FoodSaviorAppTests;
			sourceTree = "<group>";
		};
		7A0ADFDB28511E0600D23FC4 /* FoodSaviorAppUITests */ = {
			isa = PBXGroup;
			children = (
				7A0ADFDC28511E0600D23FC4 /* FoodSaviorAppUITests.swift */,
				7A0ADFDE28511E0600D23FC4 /* FoodSaviorAppUITestsLaunchTests.swift */,
			);
			path = FoodSaviorAppUITests;
			sourceTree = "<group>";
		};
		7AFC20CF286AD1A300522816 /* Inventory */ = {
			isa = PBXGroup;
			children = (
				7AFC20D0286AD1AD00522816 /* Models */,
				7AFC20D1286AD1B700522816 /* Views */,
				7AFC20D2286AD1C000522816 /* ModelViews */,
			);
			path = Inventory;
			sourceTree = "<group>";
		};
		7AFC20D0286AD1AD00522816 /* Models */ = {
			isa = PBXGroup;
			children = (
				7AB59C4D28554B6000B35A31 /* Inventories.swift */,
			);
			path = Models;
			sourceTree = "<group>";
		};
		7AFC20D1286AD1B700522816 /* Views */ = {
			isa = PBXGroup;
			children = (
				6EDD5E82285410F1001E4B58 /* InventoryView.swift */,
			);
			path = Views;
			sourceTree = "<group>";
		};
		7AFC20D2286AD1C000522816 /* ModelViews */ = {
			isa = PBXGroup;
			children = (
				7AB59C09285519EE00B35A31 /* Inventory_Space1.swift */,
				7AB59C0B28551AD200B35A31 /* Inventory_Space2.swift */,
				7AB59C0D28551AE400B35A31 /* Inventory_Space3.swift */,
				7AB59C0F28551AF300B35A31 /* Inventory_Space4.swift */,
				7AB59C1128551B0100B35A31 /* Inventory_Space5.swift */,
			);
			path = ModelViews;
			sourceTree = "<group>";
		};
/* End PBXGroup section */

/* Begin PBXNativeTarget section */
		7A0ADFBD28511E0300D23FC4 /* FoodSaviorApp */ = {
			isa = PBXNativeTarget;
			buildConfigurationList = 7A0ADFE228511E0600D23FC4 /* Build configuration list for PBXNativeTarget "FoodSaviorApp" */;
			buildPhases = (
				7A0ADFBA28511E0300D23FC4 /* Sources */,
				7A0ADFBB28511E0300D23FC4 /* Frameworks */,
				7A0ADFBC28511E0300D23FC4 /* Resources */,
			);
			buildRules = (
			);
			dependencies = (
			);
			name = FoodSaviorApp;
			packageProductDependencies = (
				7AB59C1628552E4C00B35A31 /* FirebaseAnalytics */,
				7AB59C1828552E4C00B35A31 /* FirebaseAnalyticsOnDeviceConversion */,
				7AB59C1A28552E4C00B35A31 /* FirebaseAnalyticsSwift */,
				7AB59C1C28552E4C00B35A31 /* FirebaseAnalyticsWithoutAdIdSupport */,
				7AB59C1E28552E4C00B35A31 /* FirebaseAppCheck */,
				7AB59C2028552E4C00B35A31 /* FirebaseAppDistribution-Beta */,
				7AB59C2228552E4C00B35A31 /* FirebaseAuth */,
				7AB59C2428552E4C00B35A31 /* FirebaseAuthCombine-Community */,
				7AB59C2628552E4C00B35A31 /* FirebaseCrashlytics */,
				7AB59C2828552E4C00B35A31 /* FirebaseDatabase */,
				7AB59C2A28552E4C00B35A31 /* FirebaseDatabaseSwift */,
				7AB59C2C28552E4C00B35A31 /* FirebaseDynamicLinks */,
				7AB59C2E28552E4C00B35A31 /* FirebaseFirestore */,
				7AB59C3028552E4C00B35A31 /* FirebaseFirestoreCombine-Community */,
				7AB59C3228552E4C00B35A31 /* FirebaseFirestoreSwift */,
				7AB59C3428552E4C00B35A31 /* FirebaseFunctions */,
				7AB59C3628552E4C00B35A31 /* FirebaseFunctionsCombine-Community */,
				7AB59C3828552E4C00B35A31 /* FirebaseInAppMessaging-Beta */,
				7AB59C3A28552E4C00B35A31 /* FirebaseInAppMessagingSwift-Beta */,
				7AB59C3C28552E4C00B35A31 /* FirebaseInstallations */,
				7AB59C3E28552E4C00B35A31 /* FirebaseMLModelDownloader */,
				7AB59C4028552E4C00B35A31 /* FirebaseMessaging */,
				7AB59C4228552E4C00B35A31 /* FirebasePerformance */,
				7AB59C4428552E4C00B35A31 /* FirebaseRemoteConfig */,
				7AB59C4628552E4C00B35A31 /* FirebaseRemoteConfigSwift */,
				7AB59C4828552E4C00B35A31 /* FirebaseStorage */,
				7AB59C4A28552E4C00B35A31 /* FirebaseStorageCombine-Community */,
			);
			productName = FoodSaviorApp;
			productReference = 7A0ADFBE28511E0300D23FC4 /* FoodSaviorApp.app */;
			productType = "com.apple.product-type.application";
		};
		7A0ADFCD28511E0600D23FC4 /* FoodSaviorAppTests */ = {
			isa = PBXNativeTarget;
			buildConfigurationList = 7A0ADFE528511E0600D23FC4 /* Build configuration list for PBXNativeTarget "FoodSaviorAppTests" */;
			buildPhases = (
				7A0ADFCA28511E0600D23FC4 /* Sources */,
				7A0ADFCB28511E0600D23FC4 /* Frameworks */,
				7A0ADFCC28511E0600D23FC4 /* Resources */,
			);
			buildRules = (
			);
			dependencies = (
				7A0ADFD028511E0600D23FC4 /* PBXTargetDependency */,
			);
			name = FoodSaviorAppTests;
			productName = FoodSaviorAppTests;
			productReference = 7A0ADFCE28511E0600D23FC4 /* FoodSaviorAppTests.xctest */;
			productType = "com.apple.product-type.bundle.unit-test";
		};
		7A0ADFD728511E0600D23FC4 /* FoodSaviorAppUITests */ = {
			isa = PBXNativeTarget;
			buildConfigurationList = 7A0ADFE828511E0600D23FC4 /* Build configuration list for PBXNativeTarget "FoodSaviorAppUITests" */;
			buildPhases = (
				7A0ADFD428511E0600D23FC4 /* Sources */,
				7A0ADFD528511E0600D23FC4 /* Frameworks */,
				7A0ADFD628511E0600D23FC4 /* Resources */,
			);
			buildRules = (
			);
			dependencies = (
				7A0ADFDA28511E0600D23FC4 /* PBXTargetDependency */,
			);
			name = FoodSaviorAppUITests;
			productName = FoodSaviorAppUITests;
			productReference = 7A0ADFD828511E0600D23FC4 /* FoodSaviorAppUITests.xctest */;
			productType = "com.apple.product-type.bundle.ui-testing";
		};
/* End PBXNativeTarget section */

/* Begin PBXProject section */
		7A0ADFB628511E0300D23FC4 /* Project object */ = {
			isa = PBXProject;
			attributes = {
				BuildIndependentTargetsInParallel = 1;
				LastSwiftUpdateCheck = 1340;
				LastUpgradeCheck = 1340;
				TargetAttributes = {
					7A0ADFBD28511E0300D23FC4 = {
						CreatedOnToolsVersion = 13.4;
					};
					7A0ADFCD28511E0600D23FC4 = {
						CreatedOnToolsVersion = 13.4;
						TestTargetID = 7A0ADFBD28511E0300D23FC4;
					};
					7A0ADFD728511E0600D23FC4 = {
						CreatedOnToolsVersion = 13.4;
						TestTargetID = 7A0ADFBD28511E0300D23FC4;
					};
				};
			};
			buildConfigurationList = 7A0ADFB928511E0300D23FC4 /* Build configuration list for PBXProject "FoodSaviorApp" */;
			compatibilityVersion = "Xcode 13.0";
			developmentRegion = en;
			hasScannedForEncodings = 0;
			knownRegions = (
				en,
				Base,
			);
			mainGroup = 7A0ADFB528511E0300D23FC4;
			packageReferences = (
				7AB59C1528552E4C00B35A31 /* XCRemoteSwiftPackageReference "firebase-ios-sdk" */,
			);
			productRefGroup = 7A0ADFBF28511E0300D23FC4 /* Products */;
			projectDirPath = "";
			projectRoot = "";
			targets = (
				7A0ADFBD28511E0300D23FC4 /* FoodSaviorApp */,
				7A0ADFCD28511E0600D23FC4 /* FoodSaviorAppTests */,
				7A0ADFD728511E0600D23FC4 /* FoodSaviorAppUITests */,
			);
		};
/* End PBXProject section */

/* Begin PBXResourcesBuildPhase section */
		7A0ADFBC28511E0300D23FC4 /* Resources */ = {
			isa = PBXResourcesBuildPhase;
			buildActionMask = 2147483647;
			files = (
				7AA398922858641800910E70 /* .gitignore in Resources */,
				7AA3988C2858633700910E70 /* .gitattributes in Resources */,
				7A0ADFC928511E0600D23FC4 /* Preview Assets.xcassets in Resources */,
				7AB59C1428552D3100B35A31 /* GoogleService-Info.plist in Resources */,
				7A0ADFC628511E0600D23FC4 /* Assets.xcassets in Resources */,
			);
			runOnlyForDeploymentPostprocessing = 0;
		};
		7A0ADFCC28511E0600D23FC4 /* Resources */ = {
			isa = PBXResourcesBuildPhase;
			buildActionMask = 2147483647;
			files = (
			);
			runOnlyForDeploymentPostprocessing = 0;
		};
		7A0ADFD628511E0600D23FC4 /* Resources */ = {
			isa = PBXResourcesBuildPhase;
			buildActionMask = 2147483647;
			files = (
			);
			runOnlyForDeploymentPostprocessing = 0;
		};
/* End PBXResourcesBuildPhase section */

/* Begin PBXSourcesBuildPhase section */
		7A0ADFBA28511E0300D23FC4 /* Sources */ = {
			isa = PBXSourcesBuildPhase;
			buildActionMask = 2147483647;
			files = (
				7A0888D8286A723200C14C54 /* FirebaseData.swift in Sources */,
				6E3FD5C7286BABF6009FBF4F /* SearchBasedOnIngredientsView.swift in Sources */,
				6E3FD5CF286BAC7D009FBF4F /* SearchView.swift in Sources */,
				7A26F31B28584238001EED41 /* DonationInventoryView.swift in Sources */,
				7A0ADFC428511E0300D23FC4 /* ContentView.swift in Sources */,
				7A0888D0286A29CB00C14C54 /* GoogleView.swift in Sources */,
				6E3FD5C1286BAB53009FBF4F /* ListVideos.swift in Sources */,
				7A0888CC2869E36E00C14C54 /* GoogleData.swift in Sources */,
				7AB59C0E28551AE400B35A31 /* Inventory_Space3.swift in Sources */,
				7A0888CE2869E49200C14C54 /* GoogleManager.swift in Sources */,
				7A0888DA286A782900C14C54 /* FirebaseViewModel.swift in Sources */,
				7AB59C4E28554B6000B35A31 /* Inventories.swift in Sources */,
				6E3FD5C5286BABDB009FBF4F /* RecipesView.swift in Sources */,
				6EDD5E8128541031001E4B58 /* DonationView.swift in Sources */,
				6EDD5E7F2854101E001E4B58 /* AlertsView.swift in Sources */,
				6EDD5E83285410F1001E4B58 /* InventoryView.swift in Sources */,
				7AB59C0C28551AD200B35A31 /* Inventory_Space2.swift in Sources */,
				7A0888BE28697C3100C14C54 /* SelectionPageView.swift in Sources */,
				6E3FD5C9286BAC12009FBF4F /* VideoList.swift in Sources */,
				7AB59C1228551B0100B35A31 /* Inventory_Space5.swift in Sources */,
				6E3FD5D1286BACE9009FBF4F /* WebView.swift in Sources */,
				7AB59C0A285519EE00B35A31 /* Inventory_Space1.swift in Sources */,
				6EDD5E7D2854082C001E4B58 /* RecipesView.swift in Sources */,
				7A0888CA2869E22D00C14C54 /* GoogleModel.swift in Sources */,
				6E3FD5CB286BAC54009FBF4F /* VideoDetailView.swift in Sources */,
				7AB59C1028551AF300B35A31 /* Inventory_Space4.swift in Sources */,
				7A834BBC28619AD20057F9AD /* APIDataDisplayView.swift in Sources */,
				7A0888C0286999A700C14C54 /* Modifer.swift in Sources */,
				7A0ADFC228511E0300D23FC4 /* FoodSaviorAppApp.swift in Sources */,
			);
			runOnlyForDeploymentPostprocessing = 0;
		};
		7A0ADFCA28511E0600D23FC4 /* Sources */ = {
			isa = PBXSourcesBuildPhase;
			buildActionMask = 2147483647;
			files = (
				7A0ADFD328511E0600D23FC4 /* FoodSaviorAppTests.swift in Sources */,
			);
			runOnlyForDeploymentPostprocessing = 0;
		};
		7A0ADFD428511E0600D23FC4 /* Sources */ = {
			isa = PBXSourcesBuildPhase;
			buildActionMask = 2147483647;
			files = (
				7A0ADFDF28511E0600D23FC4 /* FoodSaviorAppUITestsLaunchTests.swift in Sources */,
				7A0ADFDD28511E0600D23FC4 /* FoodSaviorAppUITests.swift in Sources */,
			);
			runOnlyForDeploymentPostprocessing = 0;
		};
/* End PBXSourcesBuildPhase section */

/* Begin PBXTargetDependency section */
		7A0ADFD028511E0600D23FC4 /* PBXTargetDependency */ = {
			isa = PBXTargetDependency;
			target = 7A0ADFBD28511E0300D23FC4 /* FoodSaviorApp */;
			targetProxy = 7A0ADFCF28511E0600D23FC4 /* PBXContainerItemProxy */;
		};
		7A0ADFDA28511E0600D23FC4 /* PBXTargetDependency */ = {
			isa = PBXTargetDependency;
			target = 7A0ADFBD28511E0300D23FC4 /* FoodSaviorApp */;
			targetProxy = 7A0ADFD928511E0600D23FC4 /* PBXContainerItemProxy */;
		};
/* End PBXTargetDependency section */

/* Begin XCBuildConfiguration section */
		7A0ADFE028511E0600D23FC4 /* Debug */ = {
			isa = XCBuildConfiguration;
			buildSettings = {
				ALWAYS_SEARCH_USER_PATHS = NO;
				CLANG_ANALYZER_NONNULL = YES;
				CLANG_ANALYZER_NUMBER_OBJECT_CONVERSION = YES_AGGRESSIVE;
				CLANG_CXX_LANGUAGE_STANDARD = "gnu++17";
				CLANG_ENABLE_MODULES = YES;
				CLANG_ENABLE_OBJC_ARC = YES;
				CLANG_ENABLE_OBJC_WEAK = YES;
				CLANG_WARN_BLOCK_CAPTURE_AUTORELEASING = YES;
				CLANG_WARN_BOOL_CONVERSION = YES;
				CLANG_WARN_COMMA = YES;
				CLANG_WARN_CONSTANT_CONVERSION = YES;
				CLANG_WARN_DEPRECATED_OBJC_IMPLEMENTATIONS = YES;
				CLANG_WARN_DIRECT_OBJC_ISA_USAGE = YES_ERROR;
				CLANG_WARN_DOCUMENTATION_COMMENTS = YES;
				CLANG_WARN_EMPTY_BODY = YES;
				CLANG_WARN_ENUM_CONVERSION = YES;
				CLANG_WARN_INFINITE_RECURSION = YES;
				CLANG_WARN_INT_CONVERSION = YES;
				CLANG_WARN_NON_LITERAL_NULL_CONVERSION = YES;
				CLANG_WARN_OBJC_IMPLICIT_RETAIN_SELF = YES;
				CLANG_WARN_OBJC_LITERAL_CONVERSION = YES;
				CLANG_WARN_OBJC_ROOT_CLASS = YES_ERROR;
				CLANG_WARN_QUOTED_INCLUDE_IN_FRAMEWORK_HEADER = YES;
				CLANG_WARN_RANGE_LOOP_ANALYSIS = YES;
				CLANG_WARN_STRICT_PROTOTYPES = YES;
				CLANG_WARN_SUSPICIOUS_MOVE = YES;
				CLANG_WARN_UNGUARDED_AVAILABILITY = YES_AGGRESSIVE;
				CLANG_WARN_UNREACHABLE_CODE = YES;
				CLANG_WARN__DUPLICATE_METHOD_MATCH = YES;
				COPY_PHASE_STRIP = NO;
				DEBUG_INFORMATION_FORMAT = dwarf;
				ENABLE_STRICT_OBJC_MSGSEND = YES;
				ENABLE_TESTABILITY = YES;
				GCC_C_LANGUAGE_STANDARD = gnu11;
				GCC_DYNAMIC_NO_PIC = NO;
				GCC_NO_COMMON_BLOCKS = YES;
				GCC_OPTIMIZATION_LEVEL = 0;
				GCC_PREPROCESSOR_DEFINITIONS = (
					"DEBUG=1",
					"$(inherited)",
				);
				GCC_WARN_64_TO_32_BIT_CONVERSION = YES;
				GCC_WARN_ABOUT_RETURN_TYPE = YES_ERROR;
				GCC_WARN_UNDECLARED_SELECTOR = YES;
				GCC_WARN_UNINITIALIZED_AUTOS = YES_AGGRESSIVE;
				GCC_WARN_UNUSED_FUNCTION = YES;
				GCC_WARN_UNUSED_VARIABLE = YES;
				IPHONEOS_DEPLOYMENT_TARGET = 15.5;
				MTL_ENABLE_DEBUG_INFO = INCLUDE_SOURCE;
				MTL_FAST_MATH = YES;
				ONLY_ACTIVE_ARCH = YES;
				SDKROOT = iphoneos;
				SWIFT_ACTIVE_COMPILATION_CONDITIONS = DEBUG;
				SWIFT_OPTIMIZATION_LEVEL = "-Onone";
			};
			name = Debug;
		};
		7A0ADFE128511E0600D23FC4 /* Release */ = {
			isa = XCBuildConfiguration;
			buildSettings = {
				ALWAYS_SEARCH_USER_PATHS = NO;
				CLANG_ANALYZER_NONNULL = YES;
				CLANG_ANALYZER_NUMBER_OBJECT_CONVERSION = YES_AGGRESSIVE;
				CLANG_CXX_LANGUAGE_STANDARD = "gnu++17";
				CLANG_ENABLE_MODULES = YES;
				CLANG_ENABLE_OBJC_ARC = YES;
				CLANG_ENABLE_OBJC_WEAK = YES;
				CLANG_WARN_BLOCK_CAPTURE_AUTORELEASING = YES;
				CLANG_WARN_BOOL_CONVERSION = YES;
				CLANG_WARN_COMMA = YES;
				CLANG_WARN_CONSTANT_CONVERSION = YES;
				CLANG_WARN_DEPRECATED_OBJC_IMPLEMENTATIONS = YES;
				CLANG_WARN_DIRECT_OBJC_ISA_USAGE = YES_ERROR;
				CLANG_WARN_DOCUMENTATION_COMMENTS = YES;
				CLANG_WARN_EMPTY_BODY = YES;
				CLANG_WARN_ENUM_CONVERSION = YES;
				CLANG_WARN_INFINITE_RECURSION = YES;
				CLANG_WARN_INT_CONVERSION = YES;
				CLANG_WARN_NON_LITERAL_NULL_CONVERSION = YES;
				CLANG_WARN_OBJC_IMPLICIT_RETAIN_SELF = YES;
				CLANG_WARN_OBJC_LITERAL_CONVERSION = YES;
				CLANG_WARN_OBJC_ROOT_CLASS = YES_ERROR;
				CLANG_WARN_QUOTED_INCLUDE_IN_FRAMEWORK_HEADER = YES;
				CLANG_WARN_RANGE_LOOP_ANALYSIS = YES;
				CLANG_WARN_STRICT_PROTOTYPES = YES;
				CLANG_WARN_SUSPICIOUS_MOVE = YES;
				CLANG_WARN_UNGUARDED_AVAILABILITY = YES_AGGRESSIVE;
				CLANG_WARN_UNREACHABLE_CODE = YES;
				CLANG_WARN__DUPLICATE_METHOD_MATCH = YES;
				COPY_PHASE_STRIP = NO;
				DEBUG_INFORMATION_FORMAT = "dwarf-with-dsym";
				ENABLE_NS_ASSERTIONS = NO;
				ENABLE_STRICT_OBJC_MSGSEND = YES;
				GCC_C_LANGUAGE_STANDARD = gnu11;
				GCC_NO_COMMON_BLOCKS = YES;
				GCC_WARN_64_TO_32_BIT_CONVERSION = YES;
				GCC_WARN_ABOUT_RETURN_TYPE = YES_ERROR;
				GCC_WARN_UNDECLARED_SELECTOR = YES;
				GCC_WARN_UNINITIALIZED_AUTOS = YES_AGGRESSIVE;
				GCC_WARN_UNUSED_FUNCTION = YES;
				GCC_WARN_UNUSED_VARIABLE = YES;
				IPHONEOS_DEPLOYMENT_TARGET = 15.5;
				MTL_ENABLE_DEBUG_INFO = NO;
				MTL_FAST_MATH = YES;
				SDKROOT = iphoneos;
				SWIFT_COMPILATION_MODE = wholemodule;
				SWIFT_OPTIMIZATION_LEVEL = "-O";
				VALIDATE_PRODUCT = YES;
			};
			name = Release;
		};
		7A0ADFE328511E0600D23FC4 /* Debug */ = {
			isa = XCBuildConfiguration;
			buildSettings = {
				ASSETCATALOG_COMPILER_APPICON_NAME = AppIcon;
				ASSETCATALOG_COMPILER_GLOBAL_ACCENT_COLOR_NAME = AccentColor;
				CODE_SIGN_STYLE = Automatic;
				CURRENT_PROJECT_VERSION = 1;
				DEVELOPMENT_ASSET_PATHS = "\"FoodSaviorApp/Preview Content\"";
				DEVELOPMENT_TEAM = 76JJRK5N9G;
				ENABLE_PREVIEWS = YES;
				GENERATE_INFOPLIST_FILE = YES;
				INFOPLIST_FILE = FoodSaviorApp/Info.plist;
				INFOPLIST_KEY_UIApplicationSceneManifest_Generation = YES;
				INFOPLIST_KEY_UIApplicationSupportsIndirectInputEvents = YES;
				INFOPLIST_KEY_UILaunchScreen_Generation = YES;
				INFOPLIST_KEY_UISupportedInterfaceOrientations_iPad = "UIInterfaceOrientationPortrait UIInterfaceOrientationPortraitUpsideDown UIInterfaceOrientationLandscapeLeft UIInterfaceOrientationLandscapeRight";
				INFOPLIST_KEY_UISupportedInterfaceOrientations_iPhone = "UIInterfaceOrientationPortrait UIInterfaceOrientationLandscapeLeft UIInterfaceOrientationLandscapeRight";
				IPHONEOS_DEPLOYMENT_TARGET = 15.5;
				LD_RUNPATH_SEARCH_PATHS = (
					"$(inherited)",
					"@executable_path/Frameworks",
				);
				MARKETING_VERSION = 1.0;
				PRODUCT_BUNDLE_IDENTIFIER = csu.fullerton.edu.food.savy.FoodSaviorApp;
				PRODUCT_NAME = "$(TARGET_NAME)";
				SWIFT_EMIT_LOC_STRINGS = YES;
				SWIFT_VERSION = 5.0;
				TARGETED_DEVICE_FAMILY = 1;
			};
			name = Debug;
		};
		7A0ADFE428511E0600D23FC4 /* Release */ = {
			isa = XCBuildConfiguration;
			buildSettings = {
				ASSETCATALOG_COMPILER_APPICON_NAME = AppIcon;
				ASSETCATALOG_COMPILER_GLOBAL_ACCENT_COLOR_NAME = AccentColor;
				CODE_SIGN_STYLE = Automatic;
				CURRENT_PROJECT_VERSION = 1;
				DEVELOPMENT_ASSET_PATHS = "\"FoodSaviorApp/Preview Content\"";
				DEVELOPMENT_TEAM = 76JJRK5N9G;
				ENABLE_PREVIEWS = YES;
				GENERATE_INFOPLIST_FILE = YES;
				INFOPLIST_FILE = FoodSaviorApp/Info.plist;
				INFOPLIST_KEY_UIApplicationSceneManifest_Generation = YES;
				INFOPLIST_KEY_UIApplicationSupportsIndirectInputEvents = YES;
				INFOPLIST_KEY_UILaunchScreen_Generation = YES;
				INFOPLIST_KEY_UISupportedInterfaceOrientations_iPad = "UIInterfaceOrientationPortrait UIInterfaceOrientationPortraitUpsideDown UIInterfaceOrientationLandscapeLeft UIInterfaceOrientationLandscapeRight";
				INFOPLIST_KEY_UISupportedInterfaceOrientations_iPhone = "UIInterfaceOrientationPortrait UIInterfaceOrientationLandscapeLeft UIInterfaceOrientationLandscapeRight";
				IPHONEOS_DEPLOYMENT_TARGET = 15.5;
				LD_RUNPATH_SEARCH_PATHS = (
					"$(inherited)",
					"@executable_path/Frameworks",
				);
				MARKETING_VERSION = 1.0;
				PRODUCT_BUNDLE_IDENTIFIER = csu.fullerton.edu.food.savy.FoodSaviorApp;
				PRODUCT_NAME = "$(TARGET_NAME)";
				SWIFT_EMIT_LOC_STRINGS = YES;
				SWIFT_VERSION = 5.0;
				TARGETED_DEVICE_FAMILY = 1;
			};
			name = Release;
		};
		7A0ADFE628511E0600D23FC4 /* Debug */ = {
			isa = XCBuildConfiguration;
			buildSettings = {
				ALWAYS_EMBED_SWIFT_STANDARD_LIBRARIES = YES;
				BUNDLE_LOADER = "$(TEST_HOST)";
				CODE_SIGN_STYLE = Automatic;
				CURRENT_PROJECT_VERSION = 1;
				DEVELOPMENT_TEAM = 76JJRK5N9G;
				GENERATE_INFOPLIST_FILE = YES;
				IPHONEOS_DEPLOYMENT_TARGET = 15.5;
				MARKETING_VERSION = 1.0;
				PRODUCT_BUNDLE_IDENTIFIER = csu.fullerton.edu.food.savy.FoodSaviorAppTests;
				PRODUCT_NAME = "$(TARGET_NAME)";
				SWIFT_EMIT_LOC_STRINGS = NO;
				SWIFT_VERSION = 5.0;
				TARGETED_DEVICE_FAMILY = "1,2";
				TEST_HOST = "$(BUILT_PRODUCTS_DIR)/FoodSaviorApp.app/FoodSaviorApp";
			};
			name = Debug;
		};
		7A0ADFE728511E0600D23FC4 /* Release */ = {
			isa = XCBuildConfiguration;
			buildSettings = {
				ALWAYS_EMBED_SWIFT_STANDARD_LIBRARIES = YES;
				BUNDLE_LOADER = "$(TEST_HOST)";
				CODE_SIGN_STYLE = Automatic;
				CURRENT_PROJECT_VERSION = 1;
				DEVELOPMENT_TEAM = 76JJRK5N9G;
				GENERATE_INFOPLIST_FILE = YES;
				IPHONEOS_DEPLOYMENT_TARGET = 15.5;
				MARKETING_VERSION = 1.0;
				PRODUCT_BUNDLE_IDENTIFIER = csu.fullerton.edu.food.savy.FoodSaviorAppTests;
				PRODUCT_NAME = "$(TARGET_NAME)";
				SWIFT_EMIT_LOC_STRINGS = NO;
				SWIFT_VERSION = 5.0;
				TARGETED_DEVICE_FAMILY = "1,2";
				TEST_HOST = "$(BUILT_PRODUCTS_DIR)/FoodSaviorApp.app/FoodSaviorApp";
			};
			name = Release;
		};
		7A0ADFE928511E0600D23FC4 /* Debug */ = {
			isa = XCBuildConfiguration;
			buildSettings = {
				ALWAYS_EMBED_SWIFT_STANDARD_LIBRARIES = YES;
				CODE_SIGN_STYLE = Automatic;
				CURRENT_PROJECT_VERSION = 1;
				DEVELOPMENT_TEAM = 76JJRK5N9G;
				GENERATE_INFOPLIST_FILE = YES;
				MARKETING_VERSION = 1.0;
				PRODUCT_BUNDLE_IDENTIFIER = csu.fullerton.edu.food.savy.FoodSaviorAppUITests;
				PRODUCT_NAME = "$(TARGET_NAME)";
				SWIFT_EMIT_LOC_STRINGS = NO;
				SWIFT_VERSION = 5.0;
				TARGETED_DEVICE_FAMILY = "1,2";
				TEST_TARGET_NAME = FoodSaviorApp;
			};
			name = Debug;
		};
		7A0ADFEA28511E0600D23FC4 /* Release */ = {
			isa = XCBuildConfiguration;
			buildSettings = {
				ALWAYS_EMBED_SWIFT_STANDARD_LIBRARIES = YES;
				CODE_SIGN_STYLE = Automatic;
				CURRENT_PROJECT_VERSION = 1;
				DEVELOPMENT_TEAM = 76JJRK5N9G;
				GENERATE_INFOPLIST_FILE = YES;
				MARKETING_VERSION = 1.0;
				PRODUCT_BUNDLE_IDENTIFIER = csu.fullerton.edu.food.savy.FoodSaviorAppUITests;
				PRODUCT_NAME = "$(TARGET_NAME)";
				SWIFT_EMIT_LOC_STRINGS = NO;
				SWIFT_VERSION = 5.0;
				TARGETED_DEVICE_FAMILY = "1,2";
				TEST_TARGET_NAME = FoodSaviorApp;
			};
			name = Release;
		};
/* End XCBuildConfiguration section */

/* Begin XCConfigurationList section */
		7A0ADFB928511E0300D23FC4 /* Build configuration list for PBXProject "FoodSaviorApp" */ = {
			isa = XCConfigurationList;
			buildConfigurations = (
				7A0ADFE028511E0600D23FC4 /* Debug */,
				7A0ADFE128511E0600D23FC4 /* Release */,
			);
			defaultConfigurationIsVisible = 0;
			defaultConfigurationName = Release;
		};
		7A0ADFE228511E0600D23FC4 /* Build configuration list for PBXNativeTarget "FoodSaviorApp" */ = {
			isa = XCConfigurationList;
			buildConfigurations = (
				7A0ADFE328511E0600D23FC4 /* Debug */,
				7A0ADFE428511E0600D23FC4 /* Release */,
			);
			defaultConfigurationIsVisible = 0;
			defaultConfigurationName = Release;
		};
		7A0ADFE528511E0600D23FC4 /* Build configuration list for PBXNativeTarget "FoodSaviorAppTests" */ = {
			isa = XCConfigurationList;
			buildConfigurations = (
				7A0ADFE628511E0600D23FC4 /* Debug */,
				7A0ADFE728511E0600D23FC4 /* Release */,
			);
			defaultConfigurationIsVisible = 0;
			defaultConfigurationName = Release;
		};
		7A0ADFE828511E0600D23FC4 /* Build configuration list for PBXNativeTarget "FoodSaviorAppUITests" */ = {
			isa = XCConfigurationList;
			buildConfigurations = (
				7A0ADFE928511E0600D23FC4 /* Debug */,
				7A0ADFEA28511E0600D23FC4 /* Release */,
			);
			defaultConfigurationIsVisible = 0;
			defaultConfigurationName = Release;
		};
/* End XCConfigurationList section */

/* Begin XCRemoteSwiftPackageReference section */
		7AB59C1528552E4C00B35A31 /* XCRemoteSwiftPackageReference "firebase-ios-sdk" */ = {
			isa = XCRemoteSwiftPackageReference;
			repositoryURL = "https://github.com/firebase/firebase-ios-sdk";
			requirement = {
				kind = upToNextMajorVersion;
				minimumVersion = 9.0.0;
			};
		};
/* End XCRemoteSwiftPackageReference section */

/* Begin XCSwiftPackageProductDependency section */
		7AB59C1628552E4C00B35A31 /* FirebaseAnalytics */ = {
			isa = XCSwiftPackageProductDependency;
			package = 7AB59C1528552E4C00B35A31 /* XCRemoteSwiftPackageReference "firebase-ios-sdk" */;
			productName = FirebaseAnalytics;
		};
		7AB59C1828552E4C00B35A31 /* FirebaseAnalyticsOnDeviceConversion */ = {
			isa = XCSwiftPackageProductDependency;
			package = 7AB59C1528552E4C00B35A31 /* XCRemoteSwiftPackageReference "firebase-ios-sdk" */;
			productName = FirebaseAnalyticsOnDeviceConversion;
		};
		7AB59C1A28552E4C00B35A31 /* FirebaseAnalyticsSwift */ = {
			isa = XCSwiftPackageProductDependency;
			package = 7AB59C1528552E4C00B35A31 /* XCRemoteSwiftPackageReference "firebase-ios-sdk" */;
			productName = FirebaseAnalyticsSwift;
		};
		7AB59C1C28552E4C00B35A31 /* FirebaseAnalyticsWithoutAdIdSupport */ = {
			isa = XCSwiftPackageProductDependency;
			package = 7AB59C1528552E4C00B35A31 /* XCRemoteSwiftPackageReference "firebase-ios-sdk" */;
			productName = FirebaseAnalyticsWithoutAdIdSupport;
		};
		7AB59C1E28552E4C00B35A31 /* FirebaseAppCheck */ = {
			isa = XCSwiftPackageProductDependency;
			package = 7AB59C1528552E4C00B35A31 /* XCRemoteSwiftPackageReference "firebase-ios-sdk" */;
			productName = FirebaseAppCheck;
		};
		7AB59C2028552E4C00B35A31 /* FirebaseAppDistribution-Beta */ = {
			isa = XCSwiftPackageProductDependency;
			package = 7AB59C1528552E4C00B35A31 /* XCRemoteSwiftPackageReference "firebase-ios-sdk" */;
			productName = "FirebaseAppDistribution-Beta";
		};
		7AB59C2228552E4C00B35A31 /* FirebaseAuth */ = {
			isa = XCSwiftPackageProductDependency;
			package = 7AB59C1528552E4C00B35A31 /* XCRemoteSwiftPackageReference "firebase-ios-sdk" */;
			productName = FirebaseAuth;
		};
		7AB59C2428552E4C00B35A31 /* FirebaseAuthCombine-Community */ = {
			isa = XCSwiftPackageProductDependency;
			package = 7AB59C1528552E4C00B35A31 /* XCRemoteSwiftPackageReference "firebase-ios-sdk" */;
			productName = "FirebaseAuthCombine-Community";
		};
		7AB59C2628552E4C00B35A31 /* FirebaseCrashlytics */ = {
			isa = XCSwiftPackageProductDependency;
			package = 7AB59C1528552E4C00B35A31 /* XCRemoteSwiftPackageReference "firebase-ios-sdk" */;
			productName = FirebaseCrashlytics;
		};
		7AB59C2828552E4C00B35A31 /* FirebaseDatabase */ = {
			isa = XCSwiftPackageProductDependency;
			package = 7AB59C1528552E4C00B35A31 /* XCRemoteSwiftPackageReference "firebase-ios-sdk" */;
			productName = FirebaseDatabase;
		};
		7AB59C2A28552E4C00B35A31 /* FirebaseDatabaseSwift */ = {
			isa = XCSwiftPackageProductDependency;
			package = 7AB59C1528552E4C00B35A31 /* XCRemoteSwiftPackageReference "firebase-ios-sdk" */;
			productName = FirebaseDatabaseSwift;
		};
		7AB59C2C28552E4C00B35A31 /* FirebaseDynamicLinks */ = {
			isa = XCSwiftPackageProductDependency;
			package = 7AB59C1528552E4C00B35A31 /* XCRemoteSwiftPackageReference "firebase-ios-sdk" */;
			productName = FirebaseDynamicLinks;
		};
		7AB59C2E28552E4C00B35A31 /* FirebaseFirestore */ = {
			isa = XCSwiftPackageProductDependency;
			package = 7AB59C1528552E4C00B35A31 /* XCRemoteSwiftPackageReference "firebase-ios-sdk" */;
			productName = FirebaseFirestore;
		};
		7AB59C3028552E4C00B35A31 /* FirebaseFirestoreCombine-Community */ = {
			isa = XCSwiftPackageProductDependency;
			package = 7AB59C1528552E4C00B35A31 /* XCRemoteSwiftPackageReference "firebase-ios-sdk" */;
			productName = "FirebaseFirestoreCombine-Community";
		};
		7AB59C3228552E4C00B35A31 /* FirebaseFirestoreSwift */ = {
			isa = XCSwiftPackageProductDependency;
			package = 7AB59C1528552E4C00B35A31 /* XCRemoteSwiftPackageReference "firebase-ios-sdk" */;
			productName = FirebaseFirestoreSwift;
		};
		7AB59C3428552E4C00B35A31 /* FirebaseFunctions */ = {
			isa = XCSwiftPackageProductDependency;
			package = 7AB59C1528552E4C00B35A31 /* XCRemoteSwiftPackageReference "firebase-ios-sdk" */;
			productName = FirebaseFunctions;
		};
		7AB59C3628552E4C00B35A31 /* FirebaseFunctionsCombine-Community */ = {
			isa = XCSwiftPackageProductDependency;
			package = 7AB59C1528552E4C00B35A31 /* XCRemoteSwiftPackageReference "firebase-ios-sdk" */;
			productName = "FirebaseFunctionsCombine-Community";
		};
		7AB59C3828552E4C00B35A31 /* FirebaseInAppMessaging-Beta */ = {
			isa = XCSwiftPackageProductDependency;
			package = 7AB59C1528552E4C00B35A31 /* XCRemoteSwiftPackageReference "firebase-ios-sdk" */;
			productName = "FirebaseInAppMessaging-Beta";
		};
		7AB59C3A28552E4C00B35A31 /* FirebaseInAppMessagingSwift-Beta */ = {
			isa = XCSwiftPackageProductDependency;
			package = 7AB59C1528552E4C00B35A31 /* XCRemoteSwiftPackageReference "firebase-ios-sdk" */;
			productName = "FirebaseInAppMessagingSwift-Beta";
		};
		7AB59C3C28552E4C00B35A31 /* FirebaseInstallations */ = {
			isa = XCSwiftPackageProductDependency;
			package = 7AB59C1528552E4C00B35A31 /* XCRemoteSwiftPackageReference "firebase-ios-sdk" */;
			productName = FirebaseInstallations;
		};
		7AB59C3E28552E4C00B35A31 /* FirebaseMLModelDownloader */ = {
			isa = XCSwiftPackageProductDependency;
			package = 7AB59C1528552E4C00B35A31 /* XCRemoteSwiftPackageReference "firebase-ios-sdk" */;
			productName = FirebaseMLModelDownloader;
		};
		7AB59C4028552E4C00B35A31 /* FirebaseMessaging */ = {
			isa = XCSwiftPackageProductDependency;
			package = 7AB59C1528552E4C00B35A31 /* XCRemoteSwiftPackageReference "firebase-ios-sdk" */;
			productName = FirebaseMessaging;
		};
		7AB59C4228552E4C00B35A31 /* FirebasePerformance */ = {
			isa = XCSwiftPackageProductDependency;
			package = 7AB59C1528552E4C00B35A31 /* XCRemoteSwiftPackageReference "firebase-ios-sdk" */;
			productName = FirebasePerformance;
		};
		7AB59C4428552E4C00B35A31 /* FirebaseRemoteConfig */ = {
			isa = XCSwiftPackageProductDependency;
			package = 7AB59C1528552E4C00B35A31 /* XCRemoteSwiftPackageReference "firebase-ios-sdk" */;
			productName = FirebaseRemoteConfig;
		};
		7AB59C4628552E4C00B35A31 /* FirebaseRemoteConfigSwift */ = {
			isa = XCSwiftPackageProductDependency;
			package = 7AB59C1528552E4C00B35A31 /* XCRemoteSwiftPackageReference "firebase-ios-sdk" */;
			productName = FirebaseRemoteConfigSwift;
		};
		7AB59C4828552E4C00B35A31 /* FirebaseStorage */ = {
			isa = XCSwiftPackageProductDependency;
			package = 7AB59C1528552E4C00B35A31 /* XCRemoteSwiftPackageReference "firebase-ios-sdk" */;
			productName = FirebaseStorage;
		};
		7AB59C4A28552E4C00B35A31 /* FirebaseStorageCombine-Community */ = {
			isa = XCSwiftPackageProductDependency;
			package = 7AB59C1528552E4C00B35A31 /* XCRemoteSwiftPackageReference "firebase-ios-sdk" */;
			productName = "FirebaseStorageCombine-Community";
		};
/* End XCSwiftPackageProductDependency section */
	};
	rootObject = 7A0ADFB628511E0300D23FC4 /* Project object */;
}
