// !$*UTF8*$!
{
	archiveVersion = 1;
	classes = {
	};
	objectVersion = 55;
	objects = {

/* Begin PBXBuildFile section */
		6E41FF032861874200BB9ADB /* VideoList.swift in Sources */ = {isa = PBXBuildFile; fileRef = 6E41FF022861874200BB9ADB /* VideoList.swift */; };
		6E41FF052861885300BB9ADB /* ListVideos.swift in Sources */ = {isa = PBXBuildFile; fileRef = 6E41FF042861885300BB9ADB /* ListVideos.swift */; };
		6E6C077F28663E7200C909A7 /* YouTubeAPI.swift in Sources */ = {isa = PBXBuildFile; fileRef = 6E6C077E28663E7100C909A7 /* YouTubeAPI.swift */; };
		6E96D64A2859D26F00486C3E /* VideoData.swift in Sources */ = {isa = PBXBuildFile; fileRef = 6E96D6492859D26F00486C3E /* VideoData.swift */; };
		6E96D64E2859E39D00486C3E /* WebView.swift in Sources */ = {isa = PBXBuildFile; fileRef = 6E96D64D2859E39D00486C3E /* WebView.swift */; };
		6E96D6502859E4F400486C3E /* YouTubeView.swift in Sources */ = {isa = PBXBuildFile; fileRef = 6E96D64F2859E4F400486C3E /* YouTubeView.swift */; };
		6EDD5E7D2854082C001E4B58 /* RecipesView.swift in Sources */ = {isa = PBXBuildFile; fileRef = 6EDD5E7C2854082C001E4B58 /* RecipesView.swift */; };
		6EDD5E7F2854101E001E4B58 /* AlertsView.swift in Sources */ = {isa = PBXBuildFile; fileRef = 6EDD5E7E2854101E001E4B58 /* AlertsView.swift */; };
		6EDD5E8128541031001E4B58 /* DonationView.swift in Sources */ = {isa = PBXBuildFile; fileRef = 6EDD5E8028541031001E4B58 /* DonationView.swift */; };
		6EDD5E83285410F1001E4B58 /* InventoryView.swift in Sources */ = {isa = PBXBuildFile; fileRef = 6EDD5E82285410F1001E4B58 /* InventoryView.swift */; };
		6EDD5E8628568024001E4B58 /* SpecificRecipeView.swift in Sources */ = {isa = PBXBuildFile; fileRef = 6EDD5E8528568024001E4B58 /* SpecificRecipeView.swift */; };
		6EDD5E8928568372001E4B58 /* SearchBasedOnIngredientsView.swift in Sources */ = {isa = PBXBuildFile; fileRef = 6EDD5E8828568372001E4B58 /* SearchBasedOnIngredientsView.swift */; };
		6EF2575B2861B5FB00FE9620 /* VideoDetailView.swift in Sources */ = {isa = PBXBuildFile; fileRef = 6EF2575A2861B5FA00FE9620 /* VideoDetailView.swift */; };
		7A0ADFC228511E0300D23FC4 /* FoodSaviorAppApp.swift in Sources */ = {isa = PBXBuildFile; fileRef = 7A0ADFC128511E0300D23FC4 /* FoodSaviorAppApp.swift */; };
		7A0ADFC428511E0300D23FC4 /* ContentView.swift in Sources */ = {isa = PBXBuildFile; fileRef = 7A0ADFC328511E0300D23FC4 /* ContentView.swift */; };
		7A0ADFC628511E0600D23FC4 /* Assets.xcassets in Resources */ = {isa = PBXBuildFile; fileRef = 7A0ADFC528511E0600D23FC4 /* Assets.xcassets */; };
		7A0ADFC928511E0600D23FC4 /* Preview Assets.xcassets in Resources */ = {isa = PBXBuildFile; fileRef = 7A0ADFC828511E0600D23FC4 /* Preview Assets.xcassets */; };
		7A0ADFD328511E0600D23FC4 /* FoodSaviorAppTests.swift in Sources */ = {isa = PBXBuildFile; fileRef = 7A0ADFD228511E0600D23FC4 /* FoodSaviorAppTests.swift */; };
		7A0ADFDD28511E0600D23FC4 /* FoodSaviorAppUITests.swift in Sources */ = {isa = PBXBuildFile; fileRef = 7A0ADFDC28511E0600D23FC4 /* FoodSaviorAppUITests.swift */; };
		7A0ADFDF28511E0600D23FC4 /* FoodSaviorAppUITestsLaunchTests.swift in Sources */ = {isa = PBXBuildFile; fileRef = 7A0ADFDE28511E0600D23FC4 /* FoodSaviorAppUITestsLaunchTests.swift */; };
		7A0ADFEC28511E2E00D23FC4 /* .gitignore in Resources */ = {isa = PBXBuildFile; fileRef = 7A0ADFEB28511E2E00D23FC4 /* .gitignore */; };
		7A0ADFF028511EA700D23FC4 /* .gitattributes in Resources */ = {isa = PBXBuildFile; fileRef = 7A0ADFEF28511EA700D23FC4 /* .gitattributes */; };
/* End PBXBuildFile section */

/* Begin PBXContainerItemProxy section */
		7A0ADFCF28511E0600D23FC4 /* PBXContainerItemProxy */ = {
			isa = PBXContainerItemProxy;
			containerPortal = 7A0ADFB628511E0300D23FC4 /* Project object */;
			proxyType = 1;
			remoteGlobalIDString = 7A0ADFBD28511E0300D23FC4;
			remoteInfo = FoodSaviorApp;
		};
		7A0ADFD928511E0600D23FC4 /* PBXContainerItemProxy */ = {
			isa = PBXContainerItemProxy;
			containerPortal = 7A0ADFB628511E0300D23FC4 /* Project object */;
			proxyType = 1;
			remoteGlobalIDString = 7A0ADFBD28511E0300D23FC4;
			remoteInfo = FoodSaviorApp;
		};
/* End PBXContainerItemProxy section */

/* Begin PBXFileReference section */
		6E41FF022861874200BB9ADB /* VideoList.swift */ = {isa = PBXFileReference; lastKnownFileType = sourcecode.swift; path = VideoList.swift; sourceTree = "<group>"; };
		6E41FF042861885300BB9ADB /* ListVideos.swift */ = {isa = PBXFileReference; lastKnownFileType = sourcecode.swift; path = ListVideos.swift; sourceTree = "<group>"; };
		6E6C077E28663E7100C909A7 /* YouTubeAPI.swift */ = {isa = PBXFileReference; lastKnownFileType = sourcecode.swift; path = YouTubeAPI.swift; sourceTree = "<group>"; };
		6E96D6492859D26F00486C3E /* VideoData.swift */ = {isa = PBXFileReference; lastKnownFileType = sourcecode.swift; path = VideoData.swift; sourceTree = "<group>"; };
		6E96D64D2859E39D00486C3E /* WebView.swift */ = {isa = PBXFileReference; lastKnownFileType = sourcecode.swift; path = WebView.swift; sourceTree = "<group>"; };
		6E96D64F2859E4F400486C3E /* YouTubeView.swift */ = {isa = PBXFileReference; lastKnownFileType = sourcecode.swift; path = YouTubeView.swift; sourceTree = "<group>"; };
		6EDD5E7C2854082C001E4B58 /* RecipesView.swift */ = {isa = PBXFileReference; lastKnownFileType = sourcecode.swift; path = RecipesView.swift; sourceTree = "<group>"; };
		6EDD5E7E2854101E001E4B58 /* AlertsView.swift */ = {isa = PBXFileReference; lastKnownFileType = sourcecode.swift; path = AlertsView.swift; sourceTree = "<group>"; };
		6EDD5E8028541031001E4B58 /* DonationView.swift */ = {isa = PBXFileReference; lastKnownFileType = sourcecode.swift; path = DonationView.swift; sourceTree = "<group>"; };
		6EDD5E82285410F1001E4B58 /* InventoryView.swift */ = {isa = PBXFileReference; lastKnownFileType = sourcecode.swift; path = InventoryView.swift; sourceTree = "<group>"; };
		6EDD5E8528568024001E4B58 /* SpecificRecipeView.swift */ = {isa = PBXFileReference; lastKnownFileType = sourcecode.swift; path = SpecificRecipeView.swift; sourceTree = "<group>"; };
		6EDD5E8828568372001E4B58 /* SearchBasedOnIngredientsView.swift */ = {isa = PBXFileReference; lastKnownFileType = sourcecode.swift; path = SearchBasedOnIngredientsView.swift; sourceTree = "<group>"; };
		6EF2575A2861B5FA00FE9620 /* VideoDetailView.swift */ = {isa = PBXFileReference; lastKnownFileType = sourcecode.swift; path = VideoDetailView.swift; sourceTree = "<group>"; };
		7A0ADFBE28511E0300D23FC4 /* FoodSaviorApp.app */ = {isa = PBXFileReference; explicitFileType = wrapper.application; includeInIndex = 0; path = FoodSaviorApp.app; sourceTree = BUILT_PRODUCTS_DIR; };
		7A0ADFC128511E0300D23FC4 /* FoodSaviorAppApp.swift */ = {isa = PBXFileReference; lastKnownFileType = sourcecode.swift; path = FoodSaviorAppApp.swift; sourceTree = "<group>"; };
		7A0ADFC328511E0300D23FC4 /* ContentView.swift */ = {isa = PBXFileReference; lastKnownFileType = sourcecode.swift; path = ContentView.swift; sourceTree = "<group>"; };
		7A0ADFC528511E0600D23FC4 /* Assets.xcassets */ = {isa = PBXFileReference; lastKnownFileType = folder.assetcatalog; path = Assets.xcassets; sourceTree = "<group>"; };
		7A0ADFC828511E0600D23FC4 /* Preview Assets.xcassets */ = {isa = PBXFileReference; lastKnownFileType = folder.assetcatalog; path = "Preview Assets.xcassets"; sourceTree = "<group>"; };
		7A0ADFCE28511E0600D23FC4 /* FoodSaviorAppTests.xctest */ = {isa = PBXFileReference; explicitFileType = wrapper.cfbundle; includeInIndex = 0; path = FoodSaviorAppTests.xctest; sourceTree = BUILT_PRODUCTS_DIR; };
		7A0ADFD228511E0600D23FC4 /* FoodSaviorAppTests.swift */ = {isa = PBXFileReference; lastKnownFileType = sourcecode.swift; path = FoodSaviorAppTests.swift; sourceTree = "<group>"; };
		7A0ADFD828511E0600D23FC4 /* FoodSaviorAppUITests.xctest */ = {isa = PBXFileReference; explicitFileType = wrapper.cfbundle; includeInIndex = 0; path = FoodSaviorAppUITests.xctest; sourceTree = BUILT_PRODUCTS_DIR; };
		7A0ADFDC28511E0600D23FC4 /* FoodSaviorAppUITests.swift */ = {isa = PBXFileReference; lastKnownFileType = sourcecode.swift; path = FoodSaviorAppUITests.swift; sourceTree = "<group>"; };
		7A0ADFDE28511E0600D23FC4 /* FoodSaviorAppUITestsLaunchTests.swift */ = {isa = PBXFileReference; lastKnownFileType = sourcecode.swift; path = FoodSaviorAppUITestsLaunchTests.swift; sourceTree = "<group>"; };
		7A0ADFEB28511E2E00D23FC4 /* .gitignore */ = {isa = PBXFileReference; lastKnownFileType = text; path = .gitignore; sourceTree = "<group>"; };
		7A0ADFEF28511EA700D23FC4 /* .gitattributes */ = {isa = PBXFileReference; lastKnownFileType = text; path = .gitattributes; sourceTree = "<group>"; };
/* End PBXFileReference section */

/* Begin PBXFrameworksBuildPhase section */
		7A0ADFBB28511E0300D23FC4 /* Frameworks */ = {
			isa = PBXFrameworksBuildPhase;
			buildActionMask = 2147483647;
			files = (
			);
			runOnlyForDeploymentPostprocessing = 0;
		};
		7A0ADFCB28511E0600D23FC4 /* Frameworks */ = {
			isa = PBXFrameworksBuildPhase;
			buildActionMask = 2147483647;
			files = (
			);
			runOnlyForDeploymentPostprocessing = 0;
		};
		7A0ADFD528511E0600D23FC4 /* Frameworks */ = {
			isa = PBXFrameworksBuildPhase;
			buildActionMask = 2147483647;
			files = (
			);
			runOnlyForDeploymentPostprocessing = 0;
		};
/* End PBXFrameworksBuildPhase section */

/* Begin PBXGroup section */
		6EDD5E8428567EEB001E4B58 /* Recipes */ = {
			isa = PBXGroup;
			children = (
				6EDD5E7C2854082C001E4B58 /* RecipesView.swift */,
				6E6C077E28663E7100C909A7 /* YouTubeAPI.swift */,
				6EDD5E8828568372001E4B58 /* SearchBasedOnIngredientsView.swift */,
				6E41FF022861874200BB9ADB /* VideoList.swift */,
				6E41FF042861885300BB9ADB /* ListVideos.swift */,
				6EF2575A2861B5FA00FE9620 /* VideoDetailView.swift */,
				6EDD5E8528568024001E4B58 /* SpecificRecipeView.swift */,
				6E96D6492859D26F00486C3E /* VideoData.swift */,
				6E96D64D2859E39D00486C3E /* WebView.swift */,
				6E96D64F2859E4F400486C3E /* YouTubeView.swift */,
			);
			path = Recipes;
			sourceTree = "<group>";
		};
		7A0ADFB528511E0300D23FC4 = {
			isa = PBXGroup;
			children = (
				7A0ADFEF28511EA700D23FC4 /* .gitattributes */,
				7A0ADFEB28511E2E00D23FC4 /* .gitignore */,
				7A0ADFC028511E0300D23FC4 /* FoodSaviorApp */,
				7A0ADFD128511E0600D23FC4 /* FoodSaviorAppTests */,
				7A0ADFDB28511E0600D23FC4 /* FoodSaviorAppUITests */,
				7A0ADFBF28511E0300D23FC4 /* Products */,
			);
			sourceTree = "<group>";
		};
		7A0ADFBF28511E0300D23FC4 /* Products */ = {
			isa = PBXGroup;
			children = (
				7A0ADFBE28511E0300D23FC4 /* FoodSaviorApp.app */,
				7A0ADFCE28511E0600D23FC4 /* FoodSaviorAppTests.xctest */,
				7A0ADFD828511E0600D23FC4 /* FoodSaviorAppUITests.xctest */,
			);
			name = Products;
			sourceTree = "<group>";
		};
		7A0ADFC028511E0300D23FC4 /* FoodSaviorApp */ = {
			isa = PBXGroup;
			children = (
				6EDD5E8428567EEB001E4B58 /* Recipes */,
				7A0ADFC128511E0300D23FC4 /* FoodSaviorAppApp.swift */,
				6EDD5E8028541031001E4B58 /* DonationView.swift */,
				6EDD5E82285410F1001E4B58 /* InventoryView.swift */,
				6EDD5E7E2854101E001E4B58 /* AlertsView.swift */,
				7A0ADFC328511E0300D23FC4 /* ContentView.swift */,
				7A0ADFC528511E0600D23FC4 /* Assets.xcassets */,
				7A0ADFC728511E0600D23FC4 /* Preview Content */,
			);
			path = FoodSaviorApp;
			sourceTree = "<group>";
		};
		7A0ADFC728511E0600D23FC4 /* Preview Content */ = {
			isa = PBXGroup;
			children = (
				7A0ADFC828511E0600D23FC4 /* Preview Assets.xcassets */,
			);
			path = "Preview Content";
			sourceTree = "<group>";
		};
		7A0ADFD128511E0600D23FC4 /* FoodSaviorAppTests */ = {
			isa = PBXGroup;
			children = (
				7A0ADFD228511E0600D23FC4 /* FoodSaviorAppTests.swift */,
			);
			path = FoodSaviorAppTests;
			sourceTree = "<group>";
		};
		7A0ADFDB28511E0600D23FC4 /* FoodSaviorAppUITests */ = {
			isa = PBXGroup;
			children = (
				7A0ADFDC28511E0600D23FC4 /* FoodSaviorAppUITests.swift */,
				7A0ADFDE28511E0600D23FC4 /* FoodSaviorAppUITestsLaunchTests.swift */,
			);
			path = FoodSaviorAppUITests;
			sourceTree = "<group>";
		};
/* End PBXGroup section */

/* Begin PBXNativeTarget section */
		7A0ADFBD28511E0300D23FC4 /* FoodSaviorApp */ = {
			isa = PBXNativeTarget;
			buildConfigurationList = 7A0ADFE228511E0600D23FC4 /* Build configuration list for PBXNativeTarget "FoodSaviorApp" */;
			buildPhases = (
				7A0ADFBA28511E0300D23FC4 /* Sources */,
				7A0ADFBB28511E0300D23FC4 /* Frameworks */,
				7A0ADFBC28511E0300D23FC4 /* Resources */,
			);
			buildRules = (
			);
			dependencies = (
			);
			name = FoodSaviorApp;
			productName = FoodSaviorApp;
			productReference = 7A0ADFBE28511E0300D23FC4 /* FoodSaviorApp.app */;
			productType = "com.apple.product-type.application";
		};
		7A0ADFCD28511E0600D23FC4 /* FoodSaviorAppTests */ = {
			isa = PBXNativeTarget;
			buildConfigurationList = 7A0ADFE528511E0600D23FC4 /* Build configuration list for PBXNativeTarget "FoodSaviorAppTests" */;
			buildPhases = (
				7A0ADFCA28511E0600D23FC4 /* Sources */,
				7A0ADFCB28511E0600D23FC4 /* Frameworks */,
				7A0ADFCC28511E0600D23FC4 /* Resources */,
			);
			buildRules = (
			);
			dependencies = (
				7A0ADFD028511E0600D23FC4 /* PBXTargetDependency */,
			);
			name = FoodSaviorAppTests;
			productName = FoodSaviorAppTests;
			productReference = 7A0ADFCE28511E0600D23FC4 /* FoodSaviorAppTests.xctest */;
			productType = "com.apple.product-type.bundle.unit-test";
		};
		7A0ADFD728511E0600D23FC4 /* FoodSaviorAppUITests */ = {
			isa = PBXNativeTarget;
			buildConfigurationList = 7A0ADFE828511E0600D23FC4 /* Build configuration list for PBXNativeTarget "FoodSaviorAppUITests" */;
			buildPhases = (
				7A0ADFD428511E0600D23FC4 /* Sources */,
				7A0ADFD528511E0600D23FC4 /* Frameworks */,
				7A0ADFD628511E0600D23FC4 /* Resources */,
			);
			buildRules = (
			);
			dependencies = (
				7A0ADFDA28511E0600D23FC4 /* PBXTargetDependency */,
			);
			name = FoodSaviorAppUITests;
			productName = FoodSaviorAppUITests;
			productReference = 7A0ADFD828511E0600D23FC4 /* FoodSaviorAppUITests.xctest */;
			productType = "com.apple.product-type.bundle.ui-testing";
		};
/* End PBXNativeTarget section */

/* Begin PBXProject section */
		7A0ADFB628511E0300D23FC4 /* Project object */ = {
			isa = PBXProject;
			attributes = {
				BuildIndependentTargetsInParallel = 1;
				LastSwiftUpdateCheck = 1340;
				LastUpgradeCheck = 1340;
				TargetAttributes = {
					7A0ADFBD28511E0300D23FC4 = {
						CreatedOnToolsVersion = 13.4;
					};
					7A0ADFCD28511E0600D23FC4 = {
						CreatedOnToolsVersion = 13.4;
						TestTargetID = 7A0ADFBD28511E0300D23FC4;
					};
					7A0ADFD728511E0600D23FC4 = {
						CreatedOnToolsVersion = 13.4;
						TestTargetID = 7A0ADFBD28511E0300D23FC4;
					};
				};
			};
			buildConfigurationList = 7A0ADFB928511E0300D23FC4 /* Build configuration list for PBXProject "FoodSaviorApp" */;
			compatibilityVersion = "Xcode 13.0";
			developmentRegion = en;
			hasScannedForEncodings = 0;
			knownRegions = (
				en,
				Base,
			);
			mainGroup = 7A0ADFB528511E0300D23FC4;
			productRefGroup = 7A0ADFBF28511E0300D23FC4 /* Products */;
			projectDirPath = "";
			projectRoot = "";
			targets = (
				7A0ADFBD28511E0300D23FC4 /* FoodSaviorApp */,
				7A0ADFCD28511E0600D23FC4 /* FoodSaviorAppTests */,
				7A0ADFD728511E0600D23FC4 /* FoodSaviorAppUITests */,
			);
		};
/* End PBXProject section */

/* Begin PBXResourcesBuildPhase section */
		7A0ADFBC28511E0300D23FC4 /* Resources */ = {
			isa = PBXResourcesBuildPhase;
			buildActionMask = 2147483647;
			files = (
				7A0ADFC928511E0600D23FC4 /* Preview Assets.xcassets in Resources */,
				7A0ADFEC28511E2E00D23FC4 /* .gitignore in Resources */,
				7A0ADFC628511E0600D23FC4 /* Assets.xcassets in Resources */,
				7A0ADFF028511EA700D23FC4 /* .gitattributes in Resources */,
			);
			runOnlyForDeploymentPostprocessing = 0;
		};
		7A0ADFCC28511E0600D23FC4 /* Resources */ = {
			isa = PBXResourcesBuildPhase;
			buildActionMask = 2147483647;
			files = (
			);
			runOnlyForDeploymentPostprocessing = 0;
		};
		7A0ADFD628511E0600D23FC4 /* Resources */ = {
			isa = PBXResourcesBuildPhase;
			buildActionMask = 2147483647;
			files = (
			);
			runOnlyForDeploymentPostprocessing = 0;
		};
/* End PBXResourcesBuildPhase section */

/* Begin PBXSourcesBuildPhase section */
		7A0ADFBA28511E0300D23FC4 /* Sources */ = {
			isa = PBXSourcesBuildPhase;
			buildActionMask = 2147483647;
			files = (
				6EDD5E8628568024001E4B58 /* SpecificRecipeView.swift in Sources */,
				6E96D64E2859E39D00486C3E /* WebView.swift in Sources */,
				7A0ADFC428511E0300D23FC4 /* ContentView.swift in Sources */,
				6EDD5E8128541031001E4B58 /* DonationView.swift in Sources */,
				6EDD5E7F2854101E001E4B58 /* AlertsView.swift in Sources */,
				6E96D6502859E4F400486C3E /* YouTubeView.swift in Sources */,
				6EDD5E83285410F1001E4B58 /* InventoryView.swift in Sources */,
				6E6C077F28663E7200C909A7 /* YouTubeAPI.swift in Sources */,
				6EF2575B2861B5FB00FE9620 /* VideoDetailView.swift in Sources */,
				6E96D64A2859D26F00486C3E /* VideoData.swift in Sources */,
				6EDD5E7D2854082C001E4B58 /* RecipesView.swift in Sources */,
				6E41FF032861874200BB9ADB /* VideoList.swift in Sources */,
				6EDD5E8928568372001E4B58 /* SearchBasedOnIngredientsView.swift in Sources */,
				6E41FF052861885300BB9ADB /* ListVideos.swift in Sources */,
				7A0ADFC228511E0300D23FC4 /* FoodSaviorAppApp.swift in Sources */,
			);
			runOnlyForDeploymentPostprocessing = 0;
		};
		7A0ADFCA28511E0600D23FC4 /* Sources */ = {
			isa = PBXSourcesBuildPhase;
			buildActionMask = 2147483647;
			files = (
				7A0ADFD328511E0600D23FC4 /* FoodSaviorAppTests.swift in Sources */,
			);
			runOnlyForDeploymentPostprocessing = 0;
		};
		7A0ADFD428511E0600D23FC4 /* Sources */ = {
			isa = PBXSourcesBuildPhase;
			buildActionMask = 2147483647;
			files = (
				7A0ADFDF28511E0600D23FC4 /* FoodSaviorAppUITestsLaunchTests.swift in Sources */,
				7A0ADFDD28511E0600D23FC4 /* FoodSaviorAppUITests.swift in Sources */,
			);
			runOnlyForDeploymentPostprocessing = 0;
		};
/* End PBXSourcesBuildPhase section */

/* Begin PBXTargetDependency section */
		7A0ADFD028511E0600D23FC4 /* PBXTargetDependency */ = {
			isa = PBXTargetDependency;
			target = 7A0ADFBD28511E0300D23FC4 /* FoodSaviorApp */;
			targetProxy = 7A0ADFCF28511E0600D23FC4 /* PBXContainerItemProxy */;
		};
		7A0ADFDA28511E0600D23FC4 /* PBXTargetDependency */ = {
			isa = PBXTargetDependency;
			target = 7A0ADFBD28511E0300D23FC4 /* FoodSaviorApp */;
			targetProxy = 7A0ADFD928511E0600D23FC4 /* PBXContainerItemProxy */;
		};
/* End PBXTargetDependency section */

/* Begin XCBuildConfiguration section */
		7A0ADFE028511E0600D23FC4 /* Debug */ = {
			isa = XCBuildConfiguration;
			buildSettings = {
				ALWAYS_SEARCH_USER_PATHS = NO;
				CLANG_ANALYZER_NONNULL = YES;
				CLANG_ANALYZER_NUMBER_OBJECT_CONVERSION = YES_AGGRESSIVE;
				CLANG_CXX_LANGUAGE_STANDARD = "gnu++17";
				CLANG_ENABLE_MODULES = YES;
				CLANG_ENABLE_OBJC_ARC = YES;
				CLANG_ENABLE_OBJC_WEAK = YES;
				CLANG_WARN_BLOCK_CAPTURE_AUTORELEASING = YES;
				CLANG_WARN_BOOL_CONVERSION = YES;
				CLANG_WARN_COMMA = YES;
				CLANG_WARN_CONSTANT_CONVERSION = YES;
				CLANG_WARN_DEPRECATED_OBJC_IMPLEMENTATIONS = YES;
				CLANG_WARN_DIRECT_OBJC_ISA_USAGE = YES_ERROR;
				CLANG_WARN_DOCUMENTATION_COMMENTS = YES;
				CLANG_WARN_EMPTY_BODY = YES;
				CLANG_WARN_ENUM_CONVERSION = YES;
				CLANG_WARN_INFINITE_RECURSION = YES;
				CLANG_WARN_INT_CONVERSION = YES;
				CLANG_WARN_NON_LITERAL_NULL_CONVERSION = YES;
				CLANG_WARN_OBJC_IMPLICIT_RETAIN_SELF = YES;
				CLANG_WARN_OBJC_LITERAL_CONVERSION = YES;
				CLANG_WARN_OBJC_ROOT_CLASS = YES_ERROR;
				CLANG_WARN_QUOTED_INCLUDE_IN_FRAMEWORK_HEADER = YES;
				CLANG_WARN_RANGE_LOOP_ANALYSIS = YES;
				CLANG_WARN_STRICT_PROTOTYPES = YES;
				CLANG_WARN_SUSPICIOUS_MOVE = YES;
				CLANG_WARN_UNGUARDED_AVAILABILITY = YES_AGGRESSIVE;
				CLANG_WARN_UNREACHABLE_CODE = YES;
				CLANG_WARN__DUPLICATE_METHOD_MATCH = YES;
				COPY_PHASE_STRIP = NO;
				DEBUG_INFORMATION_FORMAT = dwarf;
				ENABLE_STRICT_OBJC_MSGSEND = YES;
				ENABLE_TESTABILITY = YES;
				GCC_C_LANGUAGE_STANDARD = gnu11;
				GCC_DYNAMIC_NO_PIC = NO;
				GCC_NO_COMMON_BLOCKS = YES;
				GCC_OPTIMIZATION_LEVEL = 0;
				GCC_PREPROCESSOR_DEFINITIONS = (
					"DEBUG=1",
					"$(inherited)",
				);
				GCC_WARN_64_TO_32_BIT_CONVERSION = YES;
				GCC_WARN_ABOUT_RETURN_TYPE = YES_ERROR;
				GCC_WARN_UNDECLARED_SELECTOR = YES;
				GCC_WARN_UNINITIALIZED_AUTOS = YES_AGGRESSIVE;
				GCC_WARN_UNUSED_FUNCTION = YES;
				GCC_WARN_UNUSED_VARIABLE = YES;
				IPHONEOS_DEPLOYMENT_TARGET = 15.5;
				MTL_ENABLE_DEBUG_INFO = INCLUDE_SOURCE;
				MTL_FAST_MATH = YES;
				ONLY_ACTIVE_ARCH = YES;
				SDKROOT = iphoneos;
				SWIFT_ACTIVE_COMPILATION_CONDITIONS = DEBUG;
				SWIFT_OPTIMIZATION_LEVEL = "-Onone";
			};
			name = Debug;
		};
		7A0ADFE128511E0600D23FC4 /* Release */ = {
			isa = XCBuildConfiguration;
			buildSettings = {
				ALWAYS_SEARCH_USER_PATHS = NO;
				CLANG_ANALYZER_NONNULL = YES;
				CLANG_ANALYZER_NUMBER_OBJECT_CONVERSION = YES_AGGRESSIVE;
				CLANG_CXX_LANGUAGE_STANDARD = "gnu++17";
				CLANG_ENABLE_MODULES = YES;
				CLANG_ENABLE_OBJC_ARC = YES;
				CLANG_ENABLE_OBJC_WEAK = YES;
				CLANG_WARN_BLOCK_CAPTURE_AUTORELEASING = YES;
				CLANG_WARN_BOOL_CONVERSION = YES;
				CLANG_WARN_COMMA = YES;
				CLANG_WARN_CONSTANT_CONVERSION = YES;
				CLANG_WARN_DEPRECATED_OBJC_IMPLEMENTATIONS = YES;
				CLANG_WARN_DIRECT_OBJC_ISA_USAGE = YES_ERROR;
				CLANG_WARN_DOCUMENTATION_COMMENTS = YES;
				CLANG_WARN_EMPTY_BODY = YES;
				CLANG_WARN_ENUM_CONVERSION = YES;
				CLANG_WARN_INFINITE_RECURSION = YES;
				CLANG_WARN_INT_CONVERSION = YES;
				CLANG_WARN_NON_LITERAL_NULL_CONVERSION = YES;
				CLANG_WARN_OBJC_IMPLICIT_RETAIN_SELF = YES;
				CLANG_WARN_OBJC_LITERAL_CONVERSION = YES;
				CLANG_WARN_OBJC_ROOT_CLASS = YES_ERROR;
				CLANG_WARN_QUOTED_INCLUDE_IN_FRAMEWORK_HEADER = YES;
				CLANG_WARN_RANGE_LOOP_ANALYSIS = YES;
				CLANG_WARN_STRICT_PROTOTYPES = YES;
				CLANG_WARN_SUSPICIOUS_MOVE = YES;
				CLANG_WARN_UNGUARDED_AVAILABILITY = YES_AGGRESSIVE;
				CLANG_WARN_UNREACHABLE_CODE = YES;
				CLANG_WARN__DUPLICATE_METHOD_MATCH = YES;
				COPY_PHASE_STRIP = NO;
				DEBUG_INFORMATION_FORMAT = "dwarf-with-dsym";
				ENABLE_NS_ASSERTIONS = NO;
				ENABLE_STRICT_OBJC_MSGSEND = YES;
				GCC_C_LANGUAGE_STANDARD = gnu11;
				GCC_NO_COMMON_BLOCKS = YES;
				GCC_WARN_64_TO_32_BIT_CONVERSION = YES;
				GCC_WARN_ABOUT_RETURN_TYPE = YES_ERROR;
				GCC_WARN_UNDECLARED_SELECTOR = YES;
				GCC_WARN_UNINITIALIZED_AUTOS = YES_AGGRESSIVE;
				GCC_WARN_UNUSED_FUNCTION = YES;
				GCC_WARN_UNUSED_VARIABLE = YES;
				IPHONEOS_DEPLOYMENT_TARGET = 15.5;
				MTL_ENABLE_DEBUG_INFO = NO;
				MTL_FAST_MATH = YES;
				SDKROOT = iphoneos;
				SWIFT_COMPILATION_MODE = wholemodule;
				SWIFT_OPTIMIZATION_LEVEL = "-O";
				VALIDATE_PRODUCT = YES;
			};
			name = Release;
		};
		7A0ADFE328511E0600D23FC4 /* Debug */ = {
			isa = XCBuildConfiguration;
			buildSettings = {
				ASSETCATALOG_COMPILER_APPICON_NAME = AppIcon;
				ASSETCATALOG_COMPILER_GLOBAL_ACCENT_COLOR_NAME = AccentColor;
				CODE_SIGN_STYLE = Automatic;
				CURRENT_PROJECT_VERSION = 1;
				DEVELOPMENT_ASSET_PATHS = "\"FoodSaviorApp/Preview Content\"";
				DEVELOPMENT_TEAM = 76JJRK5N9G;
				ENABLE_PREVIEWS = YES;
				GENERATE_INFOPLIST_FILE = YES;
				INFOPLIST_KEY_UIApplicationSceneManifest_Generation = YES;
				INFOPLIST_KEY_UIApplicationSupportsIndirectInputEvents = YES;
				INFOPLIST_KEY_UILaunchScreen_Generation = YES;
				INFOPLIST_KEY_UISupportedInterfaceOrientations_iPad = "UIInterfaceOrientationPortrait UIInterfaceOrientationPortraitUpsideDown UIInterfaceOrientationLandscapeLeft UIInterfaceOrientationLandscapeRight";
				INFOPLIST_KEY_UISupportedInterfaceOrientations_iPhone = "UIInterfaceOrientationPortrait UIInterfaceOrientationLandscapeLeft UIInterfaceOrientationLandscapeRight";
				IPHONEOS_DEPLOYMENT_TARGET = 15.5;
				LD_RUNPATH_SEARCH_PATHS = (
					"$(inherited)",
					"@executable_path/Frameworks",
				);
				MARKETING_VERSION = 1.0;
				PRODUCT_BUNDLE_IDENTIFIER = csu.fullerton.edu.food.savy.FoodSaviorApp;
				PRODUCT_NAME = "$(TARGET_NAME)";
				SWIFT_EMIT_LOC_STRINGS = YES;
				SWIFT_VERSION = 5.0;
				TARGETED_DEVICE_FAMILY = 1;
			};
			name = Debug;
		};
		7A0ADFE428511E0600D23FC4 /* Release */ = {
			isa = XCBuildConfiguration;
			buildSettings = {
				ASSETCATALOG_COMPILER_APPICON_NAME = AppIcon;
				ASSETCATALOG_COMPILER_GLOBAL_ACCENT_COLOR_NAME = AccentColor;
				CODE_SIGN_STYLE = Automatic;
				CURRENT_PROJECT_VERSION = 1;
				DEVELOPMENT_ASSET_PATHS = "\"FoodSaviorApp/Preview Content\"";
				DEVELOPMENT_TEAM = 76JJRK5N9G;
				ENABLE_PREVIEWS = YES;
				GENERATE_INFOPLIST_FILE = YES;
				INFOPLIST_KEY_UIApplicationSceneManifest_Generation = YES;
				INFOPLIST_KEY_UIApplicationSupportsIndirectInputEvents = YES;
				INFOPLIST_KEY_UILaunchScreen_Generation = YES;
				INFOPLIST_KEY_UISupportedInterfaceOrientations_iPad = "UIInterfaceOrientationPortrait UIInterfaceOrientationPortraitUpsideDown UIInterfaceOrientationLandscapeLeft UIInterfaceOrientationLandscapeRight";
				INFOPLIST_KEY_UISupportedInterfaceOrientations_iPhone = "UIInterfaceOrientationPortrait UIInterfaceOrientationLandscapeLeft UIInterfaceOrientationLandscapeRight";
				IPHONEOS_DEPLOYMENT_TARGET = 15.5;
				LD_RUNPATH_SEARCH_PATHS = (
					"$(inherited)",
					"@executable_path/Frameworks",
				);
				MARKETING_VERSION = 1.0;
				PRODUCT_BUNDLE_IDENTIFIER = csu.fullerton.edu.food.savy.FoodSaviorApp;
				PRODUCT_NAME = "$(TARGET_NAME)";
				SWIFT_EMIT_LOC_STRINGS = YES;
				SWIFT_VERSION = 5.0;
				TARGETED_DEVICE_FAMILY = 1;
			};
			name = Release;
		};
		7A0ADFE628511E0600D23FC4 /* Debug */ = {
			isa = XCBuildConfiguration;
			buildSettings = {
				ALWAYS_EMBED_SWIFT_STANDARD_LIBRARIES = YES;
				BUNDLE_LOADER = "$(TEST_HOST)";
				CODE_SIGN_STYLE = Automatic;
				CURRENT_PROJECT_VERSION = 1;
				DEVELOPMENT_TEAM = 76JJRK5N9G;
				GENERATE_INFOPLIST_FILE = YES;
				IPHONEOS_DEPLOYMENT_TARGET = 15.5;
				MARKETING_VERSION = 1.0;
				PRODUCT_BUNDLE_IDENTIFIER = csu.fullerton.edu.food.savy.FoodSaviorAppTests;
				PRODUCT_NAME = "$(TARGET_NAME)";
				SWIFT_EMIT_LOC_STRINGS = NO;
				SWIFT_VERSION = 5.0;
				TARGETED_DEVICE_FAMILY = "1,2";
				TEST_HOST = "$(BUILT_PRODUCTS_DIR)/FoodSaviorApp.app/FoodSaviorApp";
			};
			name = Debug;
		};
		7A0ADFE728511E0600D23FC4 /* Release */ = {
			isa = XCBuildConfiguration;
			buildSettings = {
				ALWAYS_EMBED_SWIFT_STANDARD_LIBRARIES = YES;
				BUNDLE_LOADER = "$(TEST_HOST)";
				CODE_SIGN_STYLE = Automatic;
				CURRENT_PROJECT_VERSION = 1;
				DEVELOPMENT_TEAM = 76JJRK5N9G;
				GENERATE_INFOPLIST_FILE = YES;
				IPHONEOS_DEPLOYMENT_TARGET = 15.5;
				MARKETING_VERSION = 1.0;
				PRODUCT_BUNDLE_IDENTIFIER = csu.fullerton.edu.food.savy.FoodSaviorAppTests;
				PRODUCT_NAME = "$(TARGET_NAME)";
				SWIFT_EMIT_LOC_STRINGS = NO;
				SWIFT_VERSION = 5.0;
				TARGETED_DEVICE_FAMILY = "1,2";
				TEST_HOST = "$(BUILT_PRODUCTS_DIR)/FoodSaviorApp.app/FoodSaviorApp";
			};
			name = Release;
		};
		7A0ADFE928511E0600D23FC4 /* Debug */ = {
			isa = XCBuildConfiguration;
			buildSettings = {
				ALWAYS_EMBED_SWIFT_STANDARD_LIBRARIES = YES;
				CODE_SIGN_STYLE = Automatic;
				CURRENT_PROJECT_VERSION = 1;
				DEVELOPMENT_TEAM = 76JJRK5N9G;
				GENERATE_INFOPLIST_FILE = YES;
				MARKETING_VERSION = 1.0;
				PRODUCT_BUNDLE_IDENTIFIER = csu.fullerton.edu.food.savy.FoodSaviorAppUITests;
				PRODUCT_NAME = "$(TARGET_NAME)";
				SWIFT_EMIT_LOC_STRINGS = NO;
				SWIFT_VERSION = 5.0;
				TARGETED_DEVICE_FAMILY = "1,2";
				TEST_TARGET_NAME = FoodSaviorApp;
			};
			name = Debug;
		};
		7A0ADFEA28511E0600D23FC4 /* Release */ = {
			isa = XCBuildConfiguration;
			buildSettings = {
				ALWAYS_EMBED_SWIFT_STANDARD_LIBRARIES = YES;
				CODE_SIGN_STYLE = Automatic;
				CURRENT_PROJECT_VERSION = 1;
				DEVELOPMENT_TEAM = 76JJRK5N9G;
				GENERATE_INFOPLIST_FILE = YES;
				MARKETING_VERSION = 1.0;
				PRODUCT_BUNDLE_IDENTIFIER = csu.fullerton.edu.food.savy.FoodSaviorAppUITests;
				PRODUCT_NAME = "$(TARGET_NAME)";
				SWIFT_EMIT_LOC_STRINGS = NO;
				SWIFT_VERSION = 5.0;
				TARGETED_DEVICE_FAMILY = "1,2";
				TEST_TARGET_NAME = FoodSaviorApp;
			};
			name = Release;
		};
/* End XCBuildConfiguration section */

/* Begin XCConfigurationList section */
		7A0ADFB928511E0300D23FC4 /* Build configuration list for PBXProject "FoodSaviorApp" */ = {
			isa = XCConfigurationList;
			buildConfigurations = (
				7A0ADFE028511E0600D23FC4 /* Debug */,
				7A0ADFE128511E0600D23FC4 /* Release */,
			);
			defaultConfigurationIsVisible = 0;
			defaultConfigurationName = Release;
		};
		7A0ADFE228511E0600D23FC4 /* Build configuration list for PBXNativeTarget "FoodSaviorApp" */ = {
			isa = XCConfigurationList;
			buildConfigurations = (
				7A0ADFE328511E0600D23FC4 /* Debug */,
				7A0ADFE428511E0600D23FC4 /* Release */,
			);
			defaultConfigurationIsVisible = 0;
			defaultConfigurationName = Release;
		};
		7A0ADFE528511E0600D23FC4 /* Build configuration list for PBXNativeTarget "FoodSaviorAppTests" */ = {
			isa = XCConfigurationList;
			buildConfigurations = (
				7A0ADFE628511E0600D23FC4 /* Debug */,
				7A0ADFE728511E0600D23FC4 /* Release */,
			);
			defaultConfigurationIsVisible = 0;
			defaultConfigurationName = Release;
		};
		7A0ADFE828511E0600D23FC4 /* Build configuration list for PBXNativeTarget "FoodSaviorAppUITests" */ = {
			isa = XCConfigurationList;
			buildConfigurations = (
				7A0ADFE928511E0600D23FC4 /* Debug */,
				7A0ADFEA28511E0600D23FC4 /* Release */,
			);
			defaultConfigurationIsVisible = 0;
			defaultConfigurationName = Release;
		};
/* End XCConfigurationList section */
	};
	rootObject = 7A0ADFB628511E0300D23FC4 /* Project object */;
}
